
Microsoft Visual Studio Solution File, Format Version 12.00
# Visual Studio Version 17
VisualStudioVersion = 17.0.31903.59
MinimumVisualStudioVersion = 10.0.40219.1
Project("{2150E333-8FDC-42A3-9474-1A3956D46DE8}") = "src", "src", "{827E0CD3-B72D-47B6-A68D-7590B98EB39B}"
EndProject
Project("{2150E333-8FDC-42A3-9474-1A3956D46DE8}") = "BuildingBlocks", "BuildingBlocks", "{90298CBA-BD6F-3A0A-69D5-97CAD7B05E7E}"
EndProject
Project("{FAE04EC0-301F-11D3-BF4B-00C04F79EFBC}") = "Accountrack.SharedKernel", "src\BuildingBlocks\Accountrack.SharedKernel\Accountrack.SharedKernel.csproj", "{3F412AEA-49B5-46AD-B42C-946FB36CCD52}"
EndProject
Project("{FAE04EC0-301F-11D3-BF4B-00C04F79EFBC}") = "Accountrack.Application.Abstractions", "src\BuildingBlocks\Accountrack.Application.Abstractions\Accountrack.Application.Abstractions.csproj", "{6A6AE507-B96D-4AC3-ACCD-5AA6C998ED89}"
EndProject
Project("{FAE04EC0-301F-11D3-BF4B-00C04F79EFBC}") = "Accountrack.Infrastructure.Common", "src\BuildingBlocks\Accountrack.Infrastructure.Common\Accountrack.Infrastructure.Common.csproj", "{8D951EA0-6713-4CF7-900F-2374C734BB5D}"
EndProject
Project("{FAE04EC0-301F-11D3-BF4B-00C04F79EFBC}") = "Accountrack.Api", "src\Bootstrapper\Accountrack.Api\Accountrack.Api.csproj", "{D25DFA09-0276-4FD1-A6DC-250DE4E09A53}"
EndProject
Project("{FAE04EC0-301F-11D3-BF4B-00C04F79EFBC}") = "Accountrack.ArchitectureTests", "tests\Accountrack.ArchitectureTests\Accountrack.ArchitectureTests.csproj", "{34172D26-2B47-48F9-A0DD-B71D0E45B7E6}"
EndProject
Project("{FAE04EC0-301F-11D3-BF4B-00C04F79EFBC}") = "Accountrack.Web.Common", "src\BuildingBlocks\Accountrack.Web.Common\Accountrack.Web.Common.csproj", "{7E1A0B6D-DD03-448D-9668-6EB9812D0655}"
EndProject
Project("{FAE04EC0-301F-11D3-BF4B-00C04F79EFBC}") = "Accountrack.Identity.Domain", "src\Modules\Identity\Accountrack.Identity.Domain\Accountrack.Identity.Domain.csproj", "{87655200-7136-4972-B337-94D39326EA1B}"
EndProject
Project("{FAE04EC0-301F-11D3-BF4B-00C04F79EFBC}") = "Accountrack.Identity.Application", "src\Modules\Identity\Accountrack.Identity.Application\Accountrack.Identity.Application.csproj", "{90BB3E20-669B-4DCC-A2E7-694E357C62D5}"
EndProject
Project("{FAE04EC0-301F-11D3-BF4B-00C04F79EFBC}") = "Accountrack.Identity.Infrastructure", "src\Modules\Identity\Accountrack.Identity.Infrastructure\Accountrack.Identity.Infrastructure.csproj", "{51224903-1D31-4184-A06D-5B815C471BBE}"
EndProject
Project("{FAE04EC0-301F-11D3-BF4B-00C04F79EFBC}") = "Accountrack.Identity.Api", "src\Modules\Identity\Accountrack.Identity.Api\Accountrack.Identity.Api.csproj", "{F53FABFF-E58B-4472-8971-17DF0587773B}"
EndProject
Project("{2150E333-8FDC-42A3-9474-1A3956D46DE8}") = "tests", "tests", "{0AB3BF05-4346-4AA6-1389-037BE0695223}"
EndProject
Project("{FAE04EC0-301F-11D3-BF4B-00C04F79EFBC}") = "Accountrack.Identity.UnitTests", "tests\Accountrack.Identity.UnitTests\Accountrack.Identity.UnitTests.csproj", "{E128873B-75F7-4817-90B0-8582103EFFED}"
EndProject
Project("{2150E333-8FDC-42A3-9474-1A3956D46DE8}") = "Modules", "Modules", "{EC447DCF-ABFA-6E24-52A5-D7FD48A5C558}"
EndProject
Project("{2150E333-8FDC-42A3-9474-1A3956D46DE8}") = "CompanyManagement", "CompanyManagement", "{9A17A796-4028-692F-8298-AED4AF521C85}"
EndProject
Project("{FAE04EC0-301F-11D3-BF4B-00C04F79EFBC}") = "Accountrack.CompanyManagement.Domain", "src\Modules\CompanyManagement\Accountrack.CompanyManagement.Domain\Accountrack.CompanyManagement.Domain.csproj", "{D14A92E0-5D0B-410F-8265-15C4B034E22A}"
EndProject
Project("{FAE04EC0-301F-11D3-BF4B-00C04F79EFBC}") = "Accountrack.CompanyManagement.Application", "src\Modules\CompanyManagement\Accountrack.CompanyManagement.Application\Accountrack.CompanyManagement.Application.csproj", "{07D344B4-59F8-4237-A5B6-6A777C90ABC4}"
EndProject
Project("{FAE04EC0-301F-11D3-BF4B-00C04F79EFBC}") = "Accountrack.CompanyManagement.Infrastructure", "src\Modules\CompanyManagement\Accountrack.CompanyManagement.Infrastructure\Accountrack.CompanyManagement.Infrastructure.csproj", "{E500B4DF-4151-46D6-A1B6-0E46873EA078}"
EndProject
Project("{FAE04EC0-301F-11D3-BF4B-00C04F79EFBC}") = "Accountrack.CompanyManagement.Api", "src\Modules\CompanyManagement\Accountrack.CompanyManagement.Api\Accountrack.CompanyManagement.Api.csproj", "{41DF6EDD-4185-45C8-A3E5-6216463CCC0C}"
EndProject
Project("{FAE04EC0-301F-11D3-BF4B-00C04F79EFBC}") = "Accountrack.CompanyManagement.UnitTests", "tests\Accountrack.CompanyManagement.UnitTests\Accountrack.CompanyManagement.UnitTests.csproj", "{9B22E42D-677F-4633-BD2E-1BA6F29BD6BD}"
EndProject
Project("{2150E333-8FDC-42A3-9474-1A3956D46DE8}") = "AuditLog", "AuditLog", "{BAE0DD46-05B4-1976-AA64-09500AD50BDA}"
EndProject
Project("{FAE04EC0-301F-11D3-BF4B-00C04F79EFBC}") = "Accountrack.AuditLog.Application", "src\Modules\AuditLog\Accountrack.AuditLog.Application\Accountrack.AuditLog.Application.csproj", "{1BB90F0E-4A26-43FB-93EC-A22060C9EDF6}"
EndProject
Project("{FAE04EC0-301F-11D3-BF4B-00C04F79EFBC}") = "Accountrack.AuditLog.Infrastructure", "src\Modules\AuditLog\Accountrack.AuditLog.Infrastructure\Accountrack.AuditLog.Infrastructure.csproj", "{4CE5EC92-FC22-4178-866D-95807EF8CFA3}"
EndProject
Project("{FAE04EC0-301F-11D3-BF4B-00C04F79EFBC}") = "Accountrack.AuditLog.Api", "src\Modules\AuditLog\Accountrack.AuditLog.Api\Accountrack.AuditLog.Api.csproj", "{424106B5-45B3-4FE3-9831-C5B808C16076}"
EndProject
Project("{FAE04EC0-301F-11D3-BF4B-00C04F79EFBC}") = "Accountrack.AuditLog.UnitTests", "tests\Accountrack.AuditLog.UnitTests\Accountrack.AuditLog.UnitTests.csproj", "{EDE99A70-5A10-4067-B6BA-365F6A583AA6}"
EndProject
Project("{2150E333-8FDC-42A3-9474-1A3956D46DE8}") = "Modules.Contracts", "Modules.Contracts", "{F0121E1F-7205-FE9B-956B-A5656DBCF787}"
EndProject
Project("{FAE04EC0-301F-11D3-BF4B-00C04F79EFBC}") = "Accountrack.Modules.Contracts", "src\Modules.Contracts\Accountrack.Modules.Contracts.csproj", "{9ADCAD2B-188A-4A98-8FFC-99CF4A0E8F30}"
EndProject
Project("{FAE04EC0-301F-11D3-BF4B-00C04F79EFBC}") = "Accountrack.Accounting.Domain", "src\Modules\Accounting\Accountrack.Accounting.Domain\Accountrack.Accounting.Domain.csproj", "{FE45DF42-D8D7-45CD-B8D1-C33B546F7130}"
EndProject
Project("{FAE04EC0-301F-11D3-BF4B-00C04F79EFBC}") = "Accountrack.Accounting.Application", "src\Modules\Accounting\Accountrack.Accounting.Application\Accountrack.Accounting.Application.csproj", "{9979A989-BCBF-408E-AA85-9F66BA3BAB29}"
EndProject
Project("{FAE04EC0-301F-11D3-BF4B-00C04F79EFBC}") = "Accountrack.Accounting.Infrastructure", "src\Modules\Accounting\Accountrack.Accounting.Infrastructure\Accountrack.Accounting.Infrastructure.csproj", "{40C641F7-5DF9-4B5E-978A-573C2368526B}"
EndProject
Project("{FAE04EC0-301F-11D3-BF4B-00C04F79EFBC}") = "Accountrack.Accounting.Api", "src\Modules\Accounting\Accountrack.Accounting.Api\Accountrack.Accounting.Api.csproj", "{3DEC91F4-059E-4CB3-A4CE-F2BD28CDFB2A}"
EndProject
Project("{FAE04EC0-301F-11D3-BF4B-00C04F79EFBC}") = "Accountrack.Accounting.UnitTests", "tests\Accountrack.Accounting.UnitTests\Accountrack.Accounting.UnitTests.csproj", "{9889B151-64BD-4CD5-A9BB-F5E9F4B63071}"
EndProject
Project("{2150E333-8FDC-42A3-9474-1A3956D46DE8}") = "MasterData", "MasterData", "{6FDB54B8-73D0-7269-6E77-B8ECD406ADFA}"
EndProject
Project("{FAE04EC0-301F-11D3-BF4B-00C04F79EFBC}") = "Accountrack.MasterData.Domain", "src\Modules\MasterData\Accountrack.MasterData.Domain\Accountrack.MasterData.Domain.csproj", "{5529B212-76F4-4627-B8D2-F93BD7971A55}"
EndProject
Project("{FAE04EC0-301F-11D3-BF4B-00C04F79EFBC}") = "Accountrack.MasterData.Application", "src\Modules\MasterData\Accountrack.MasterData.Application\Accountrack.MasterData.Application.csproj", "{B0862520-6618-4E3B-8ED1-54949F5881C0}"
EndProject
Project("{FAE04EC0-301F-11D3-BF4B-00C04F79EFBC}") = "Accountrack.MasterData.Infrastructure", "src\Modules\MasterData\Accountrack.MasterData.Infrastructure\Accountrack.MasterData.Infrastructure.csproj", "{4E798A1C-2E21-446A-90FD-DE8126C0974E}"
EndProject
Project("{FAE04EC0-301F-11D3-BF4B-00C04F79EFBC}") = "Accountrack.MasterData.Api", "src\Modules\MasterData\Accountrack.MasterData.Api\Accountrack.MasterData.Api.csproj", "{54C9BD0D-B91C-45D6-9EB5-BE8A449A7DCE}"
EndProject
Project("{FAE04EC0-301F-11D3-BF4B-00C04F79EFBC}") = "Accountrack.MasterData.UnitTests", "tests\Accountrack.MasterData.UnitTests\Accountrack.MasterData.UnitTests.csproj", "{62030FFD-EBD3-49DC-B56F-2C971F2A249C}"
EndProject
Project("{2150E333-8FDC-42A3-9474-1A3956D46DE8}") = "Inventory", "Inventory", "{18C073E0-6CB1-4693-3636-BFEE619A6192}"
EndProject
Project("{FAE04EC0-301F-11D3-BF4B-00C04F79EFBC}") = "Accountrack.Inventory.Domain", "src\Modules\Inventory\Accountrack.Inventory.Domain\Accountrack.Inventory.Domain.csproj", "{77E5CC00-BBBF-47C3-A58F-FB2F4C561B1C}"
EndProject
Project("{FAE04EC0-301F-11D3-BF4B-00C04F79EFBC}") = "Accountrack.Inventory.Application", "src\Modules\Inventory\Accountrack.Inventory.Application\Accountrack.Inventory.Application.csproj", "{D63631A6-5480-4E45-961D-2E732090A6BD}"
EndProject
Project("{FAE04EC0-301F-11D3-BF4B-00C04F79EFBC}") = "Accountrack.Inventory.Infrastructure", "src\Modules\Inventory\Accountrack.Inventory.Infrastructure\Accountrack.Inventory.Infrastructure.csproj", "{4EB0B70A-2448-4272-A3A0-336019A4E37F}"
EndProject
Project("{FAE04EC0-301F-11D3-BF4B-00C04F79EFBC}") = "Accountrack.Inventory.Api", "src\Modules\Inventory\Accountrack.Inventory.Api\Accountrack.Inventory.Api.csproj", "{AD218160-8A2E-44E0-90B4-D1F6E1D11C02}"
EndProject
Project("{FAE04EC0-301F-11D3-BF4B-00C04F79EFBC}") = "Accountrack.Inventory.UnitTests", "tests\Accountrack.Inventory.UnitTests\Accountrack.Inventory.UnitTests.csproj", "{0DA19EE9-6B7C-4827-8B43-770E27BE792F}"
EndProject
Project("{2150E333-8FDC-42A3-9474-1A3956D46DE8}") = "Approval", "Approval", "{1E8DB9DF-894C-46DB-7398-4694F78A2AE5}"
EndProject
Project("{FAE04EC0-301F-11D3-BF4B-00C04F79EFBC}") = "Accountrack.Approval.Domain", "src\Modules\Approval\Accountrack.Approval.Domain\Accountrack.Approval.Domain.csproj", "{FF535E30-0904-4167-BEE6-758424C244FF}"
EndProject
Project("{FAE04EC0-301F-11D3-BF4B-00C04F79EFBC}") = "Accountrack.Approval.Application", "src\Modules\Approval\Accountrack.Approval.Application\Accountrack.Approval.Application.csproj", "{1BCCDB9C-5612-4B4C-993D-8174BFF570C9}"
EndProject
Project("{FAE04EC0-301F-11D3-BF4B-00C04F79EFBC}") = "Accountrack.Approval.Infrastructure", "src\Modules\Approval\Accountrack.Approval.Infrastructure\Accountrack.Approval.Infrastructure.csproj", "{68F016F1-05CF-4CEF-BF51-85D9072FE382}"
EndProject
Project("{FAE04EC0-301F-11D3-BF4B-00C04F79EFBC}") = "Accountrack.Approval.Api", "src\Modules\Approval\Accountrack.Approval.Api\Accountrack.Approval.Api.csproj", "{60217A37-20B3-4B91-AD8F-66EF1801FE43}"
EndProject
Project("{FAE04EC0-301F-11D3-BF4B-00C04F79EFBC}") = "Accountrack.Approval.UnitTests", "tests\Accountrack.Approval.UnitTests\Accountrack.Approval.UnitTests.csproj", "{EF5671DB-D695-4F36-B646-E59B57520822}"
EndProject
Project("{2150E333-8FDC-42A3-9474-1A3956D46DE8}") = "ProcessTracker", "ProcessTracker", "{CB089194-ED82-6F9A-F1CC-8C170A771951}"
EndProject
Project("{FAE04EC0-301F-11D3-BF4B-00C04F79EFBC}") = "Accountrack.ProcessTracker.Domain", "src\Modules\ProcessTracker\Accountrack.ProcessTracker.Domain\Accountrack.ProcessTracker.Domain.csproj", "{346B1F12-E3B7-45E2-9F09-CEC6FDA1800B}"
EndProject
Project("{FAE04EC0-301F-11D3-BF4B-00C04F79EFBC}") = "Accountrack.ProcessTracker.Application", "src\Modules\ProcessTracker\Accountrack.ProcessTracker.Application\Accountrack.ProcessTracker.Application.csproj", "{45497189-AE2E-4E08-AE8D-D8C3766C5EFE}"
EndProject
Project("{FAE04EC0-301F-11D3-BF4B-00C04F79EFBC}") = "Accountrack.ProcessTracker.Infrastructure", "src\Modules\ProcessTracker\Accountrack.ProcessTracker.Infrastructure\Accountrack.ProcessTracker.Infrastructure.csproj", "{C287A079-67FF-4CE6-A224-2EBDD7F52160}"
EndProject
Project("{FAE04EC0-301F-11D3-BF4B-00C04F79EFBC}") = "Accountrack.ProcessTracker.Api", "src\Modules\ProcessTracker\Accountrack.ProcessTracker.Api\Accountrack.ProcessTracker.Api.csproj", "{477060FC-BD69-4000-B772-43B99F1584FF}"
EndProject
Project("{FAE04EC0-301F-11D3-BF4B-00C04F79EFBC}") = "Accountrack.ProcessTracker.UnitTests", "tests\Accountrack.ProcessTracker.UnitTests\Accountrack.ProcessTracker.UnitTests.csproj", "{AD32CD7E-EDA0-4629-84A2-A0BB4CAFF55B}"
EndProject
Project("{2150E333-8FDC-42A3-9474-1A3956D46DE8}") = "Notification", "Notification", "{4F8133DB-A301-0A1E-3DDE-929E67CC9B96}"
EndProject
Project("{FAE04EC0-301F-11D3-BF4B-00C04F79EFBC}") = "Accountrack.Notification.Domain", "src\Modules\Notification\Accountrack.Notification.Domain\Accountrack.Notification.Domain.csproj", "{43C75C66-A926-49A0-AA99-53F8E2CE7B2C}"
EndProject
Project("{FAE04EC0-301F-11D3-BF4B-00C04F79EFBC}") = "Accountrack.Notification.Application", "src\Modules\Notification\Accountrack.Notification.Application\Accountrack.Notification.Application.csproj", "{31A0D1D2-6014-49ED-BF8E-0E8C2801F3C4}"
EndProject
Project("{FAE04EC0-301F-11D3-BF4B-00C04F79EFBC}") = "Accountrack.Notification.Infrastructure", "src\Modules\Notification\Accountrack.Notification.Infrastructure\Accountrack.Notification.Infrastructure.csproj", "{E875BFE9-BBCB-474D-9A6B-EAA44C2975EB}"
EndProject
Project("{FAE04EC0-301F-11D3-BF4B-00C04F79EFBC}") = "Accountrack.Notification.Api", "src\Modules\Notification\Accountrack.Notification.Api\Accountrack.Notification.Api.csproj", "{970C003F-5E26-44E2-A67F-74C8EADE385E}"
EndProject
Project("{FAE04EC0-301F-11D3-BF4B-00C04F79EFBC}") = "Accountrack.Notification.UnitTests", "tests\Accountrack.Notification.UnitTests\Accountrack.Notification.UnitTests.csproj", "{DF920EDD-2FB2-4902-8322-2F9818BDD285}"
EndProject
Global
	GlobalSection(SolutionConfigurationPlatforms) = preSolution
		Debug|Any CPU = Debug|Any CPU
		Debug|x64 = Debug|x64
		Debug|x86 = Debug|x86
		Release|Any CPU = Release|Any CPU
		Release|x64 = Release|x64
		Release|x86 = Release|x86
	EndGlobalSection
	GlobalSection(ProjectConfigurationPlatforms) = postSolution
		{3F412AEA-49B5-46AD-B42C-946FB36CCD52}.Debug|Any CPU.ActiveCfg = Debug|Any CPU
		{3F412AEA-49B5-46AD-B42C-946FB36CCD52}.Debug|Any CPU.Build.0 = Debug|Any CPU
		{3F412AEA-49B5-46AD-B42C-946FB36CCD52}.Debug|x64.ActiveCfg = Debug|Any CPU
		{3F412AEA-49B5-46AD-B42C-946FB36CCD52}.Debug|x64.Build.0 = Debug|Any CPU
		{3F412AEA-49B5-46AD-B42C-946FB36CCD52}.Debug|x86.ActiveCfg = Debug|Any CPU
		{3F412AEA-49B5-46AD-B42C-946FB36CCD52}.Debug|x86.Build.0 = Debug|Any CPU
		{3F412AEA-49B5-46AD-B42C-946FB36CCD52}.Release|Any CPU.ActiveCfg = Release|Any CPU
		{3F412AEA-49B5-46AD-B42C-946FB36CCD52}.Release|Any CPU.Build.0 = Release|Any CPU
		{3F412AEA-49B5-46AD-B42C-946FB36CCD52}.Release|x64.ActiveCfg = Release|Any CPU
		{3F412AEA-49B5-46AD-B42C-946FB36CCD52}.Release|x64.Build.0 = Release|Any CPU
		{3F412AEA-49B5-46AD-B42C-946FB36CCD52}.Release|x86.ActiveCfg = Release|Any CPU
		{3F412AEA-49B5-46AD-B42C-946FB36CCD52}.Release|x86.Build.0 = Release|Any CPU
		{6A6AE507-B96D-4AC3-ACCD-5AA6C998ED89}.Debug|Any CPU.ActiveCfg = Debug|Any CPU
		{6A6AE507-B96D-4AC3-ACCD-5AA6C998ED89}.Debug|Any CPU.Build.0 = Debug|Any CPU
		{6A6AE507-B96D-4AC3-ACCD-5AA6C998ED89}.Debug|x64.ActiveCfg = Debug|Any CPU
		{6A6AE507-B96D-4AC3-ACCD-5AA6C998ED89}.Debug|x64.Build.0 = Debug|Any CPU
		{6A6AE507-B96D-4AC3-ACCD-5AA6C998ED89}.Debug|x86.ActiveCfg = Debug|Any CPU
		{6A6AE507-B96D-4AC3-ACCD-5AA6C998ED89}.Debug|x86.Build.0 = Debug|Any CPU
		{6A6AE507-B96D-4AC3-ACCD-5AA6C998ED89}.Release|Any CPU.ActiveCfg = Release|Any CPU
		{6A6AE507-B96D-4AC3-ACCD-5AA6C998ED89}.Release|Any CPU.Build.0 = Release|Any CPU
		{6A6AE507-B96D-4AC3-ACCD-5AA6C998ED89}.Release|x64.ActiveCfg = Release|Any CPU
		{6A6AE507-B96D-4AC3-ACCD-5AA6C998ED89}.Release|x64.Build.0 = Release|Any CPU
		{6A6AE507-B96D-4AC3-ACCD-5AA6C998ED89}.Release|x86.ActiveCfg = Release|Any CPU
		{6A6AE507-B96D-4AC3-ACCD-5AA6C998ED89}.Release|x86.Build.0 = Release|Any CPU
		{8D951EA0-6713-4CF7-900F-2374C734BB5D}.Debug|Any CPU.ActiveCfg = Debug|Any CPU
		{8D951EA0-6713-4CF7-900F-2374C734BB5D}.Debug|Any CPU.Build.0 = Debug|Any CPU
		{8D951EA0-6713-4CF7-900F-2374C734BB5D}.Debug|x64.ActiveCfg = Debug|Any CPU
		{8D951EA0-6713-4CF7-900F-2374C734BB5D}.Debug|x64.Build.0 = Debug|Any CPU
		{8D951EA0-6713-4CF7-900F-2374C734BB5D}.Debug|x86.ActiveCfg = Debug|Any CPU
		{8D951EA0-6713-4CF7-900F-2374C734BB5D}.Debug|x86.Build.0 = Debug|Any CPU
		{8D951EA0-6713-4CF7-900F-2374C734BB5D}.Release|Any CPU.ActiveCfg = Release|Any CPU
		{8D951EA0-6713-4CF7-900F-2374C734BB5D}.Release|Any CPU.Build.0 = Release|Any CPU
		{8D951EA0-6713-4CF7-900F-2374C734BB5D}.Release|x64.ActiveCfg = Release|Any CPU
		{8D951EA0-6713-4CF7-900F-2374C734BB5D}.Release|x64.Build.0 = Release|Any CPU
		{8D951EA0-6713-4CF7-900F-2374C734BB5D}.Release|x86.ActiveCfg = Release|Any CPU
		{8D951EA0-6713-4CF7-900F-2374C734BB5D}.Release|x86.Build.0 = Release|Any CPU
		{D25DFA09-0276-4FD1-A6DC-250DE4E09A53}.Debug|Any CPU.ActiveCfg = Debug|Any CPU
		{D25DFA09-0276-4FD1-A6DC-250DE4E09A53}.Debug|Any CPU.Build.0 = Debug|Any CPU
		{D25DFA09-0276-4FD1-A6DC-250DE4E09A53}.Debug|x64.ActiveCfg = Debug|Any CPU
		{D25DFA09-0276-4FD1-A6DC-250DE4E09A53}.Debug|x64.Build.0 = Debug|Any CPU
		{D25DFA09-0276-4FD1-A6DC-250DE4E09A53}.Debug|x86.ActiveCfg = Debug|Any CPU
		{D25DFA09-0276-4FD1-A6DC-250DE4E09A53}.Debug|x86.Build.0 = Debug|Any CPU
		{D25DFA09-0276-4FD1-A6DC-250DE4E09A53}.Release|Any CPU.ActiveCfg = Release|Any CPU
		{D25DFA09-0276-4FD1-A6DC-250DE4E09A53}.Release|Any CPU.Build.0 = Release|Any CPU
		{D25DFA09-0276-4FD1-A6DC-250DE4E09A53}.Release|x64.ActiveCfg = Release|Any CPU
		{D25DFA09-0276-4FD1-A6DC-250DE4E09A53}.Release|x64.Build.0 = Release|Any CPU
		{D25DFA09-0276-4FD1-A6DC-250DE4E09A53}.Release|x86.ActiveCfg = Release|Any CPU
		{D25DFA09-0276-4FD1-A6DC-250DE4E09A53}.Release|x86.Build.0 = Release|Any CPU
		{34172D26-2B47-48F9-A0DD-B71D0E45B7E6}.Debug|Any CPU.ActiveCfg = Debug|Any CPU
		{34172D26-2B47-48F9-A0DD-B71D0E45B7E6}.Debug|Any CPU.Build.0 = Debug|Any CPU
		{34172D26-2B47-48F9-A0DD-B71D0E45B7E6}.Debug|x64.ActiveCfg = Debug|Any CPU
		{34172D26-2B47-48F9-A0DD-B71D0E45B7E6}.Debug|x64.Build.0 = Debug|Any CPU
		{34172D26-2B47-48F9-A0DD-B71D0E45B7E6}.Debug|x86.ActiveCfg = Debug|Any CPU
		{34172D26-2B47-48F9-A0DD-B71D0E45B7E6}.Debug|x86.Build.0 = Debug|Any CPU
		{34172D26-2B47-48F9-A0DD-B71D0E45B7E6}.Release|Any CPU.ActiveCfg = Release|Any CPU
		{34172D26-2B47-48F9-A0DD-B71D0E45B7E6}.Release|Any CPU.Build.0 = Release|Any CPU
		{34172D26-2B47-48F9-A0DD-B71D0E45B7E6}.Release|x64.ActiveCfg = Release|Any CPU
		{34172D26-2B47-48F9-A0DD-B71D0E45B7E6}.Release|x64.Build.0 = Release|Any CPU
		{34172D26-2B47-48F9-A0DD-B71D0E45B7E6}.Release|x86.ActiveCfg = Release|Any CPU
		{34172D26-2B47-48F9-A0DD-B71D0E45B7E6}.Release|x86.Build.0 = Release|Any CPU
		{7E1A0B6D-DD03-448D-9668-6EB9812D0655}.Debug|Any CPU.ActiveCfg = Debug|Any CPU
		{7E1A0B6D-DD03-448D-9668-6EB9812D0655}.Debug|Any CPU.Build.0 = Debug|Any CPU
		{7E1A0B6D-DD03-448D-9668-6EB9812D0655}.Debug|x64.ActiveCfg = Debug|Any CPU
		{7E1A0B6D-DD03-448D-9668-6EB9812D0655}.Debug|x64.Build.0 = Debug|Any CPU
		{7E1A0B6D-DD03-448D-9668-6EB9812D0655}.Debug|x86.ActiveCfg = Debug|Any CPU
		{7E1A0B6D-DD03-448D-9668-6EB9812D0655}.Debug|x86.Build.0 = Debug|Any CPU
		{7E1A0B6D-DD03-448D-9668-6EB9812D0655}.Release|Any CPU.ActiveCfg = Release|Any CPU
		{7E1A0B6D-DD03-448D-9668-6EB9812D0655}.Release|Any CPU.Build.0 = Release|Any CPU
		{7E1A0B6D-DD03-448D-9668-6EB9812D0655}.Release|x64.ActiveCfg = Release|Any CPU
		{7E1A0B6D-DD03-448D-9668-6EB9812D0655}.Release|x64.Build.0 = Release|Any CPU
		{7E1A0B6D-DD03-448D-9668-6EB9812D0655}.Release|x86.ActiveCfg = Release|Any CPU
		{7E1A0B6D-DD03-448D-9668-6EB9812D0655}.Release|x86.Build.0 = Release|Any CPU
		{87655200-7136-4972-B337-94D39326EA1B}.Debug|Any CPU.ActiveCfg = Debug|Any CPU
		{87655200-7136-4972-B337-94D39326EA1B}.Debug|Any CPU.Build.0 = Debug|Any CPU
		{87655200-7136-4972-B337-94D39326EA1B}.Debug|x64.ActiveCfg = Debug|Any CPU
		{87655200-7136-4972-B337-94D39326EA1B}.Debug|x64.Build.0 = Debug|Any CPU
		{87655200-7136-4972-B337-94D39326EA1B}.Debug|x86.ActiveCfg = Debug|Any CPU
		{87655200-7136-4972-B337-94D39326EA1B}.Debug|x86.Build.0 = Debug|Any CPU
		{87655200-7136-4972-B337-94D39326EA1B}.Release|Any CPU.ActiveCfg = Release|Any CPU
		{87655200-7136-4972-B337-94D39326EA1B}.Release|Any CPU.Build.0 = Release|Any CPU
		{87655200-7136-4972-B337-94D39326EA1B}.Release|x64.ActiveCfg = Release|Any CPU
		{87655200-7136-4972-B337-94D39326EA1B}.Release|x64.Build.0 = Release|Any CPU
		{87655200-7136-4972-B337-94D39326EA1B}.Release|x86.ActiveCfg = Release|Any CPU
		{87655200-7136-4972-B337-94D39326EA1B}.Release|x86.Build.0 = Release|Any CPU
		{90BB3E20-669B-4DCC-A2E7-694E357C62D5}.Debug|Any CPU.ActiveCfg = Debug|Any CPU
		{90BB3E20-669B-4DCC-A2E7-694E357C62D5}.Debug|Any CPU.Build.0 = Debug|Any CPU
		{90BB3E20-669B-4DCC-A2E7-694E357C62D5}.Debug|x64.ActiveCfg = Debug|Any CPU
		{90BB3E20-669B-4DCC-A2E7-694E357C62D5}.Debug|x64.Build.0 = Debug|Any CPU
		{90BB3E20-669B-4DCC-A2E7-694E357C62D5}.Debug|x86.ActiveCfg = Debug|Any CPU
		{90BB3E20-669B-4DCC-A2E7-694E357C62D5}.Debug|x86.Build.0 = Debug|Any CPU
		{90BB3E20-669B-4DCC-A2E7-694E357C62D5}.Release|Any CPU.ActiveCfg = Release|Any CPU
		{90BB3E20-669B-4DCC-A2E7-694E357C62D5}.Release|Any CPU.Build.0 = Release|Any CPU
		{90BB3E20-669B-4DCC-A2E7-694E357C62D5}.Release|x64.ActiveCfg = Release|Any CPU
		{90BB3E20-669B-4DCC-A2E7-694E357C62D5}.Release|x64.Build.0 = Release|Any CPU
		{90BB3E20-669B-4DCC-A2E7-694E357C62D5}.Release|x86.ActiveCfg = Release|Any CPU
		{90BB3E20-669B-4DCC-A2E7-694E357C62D5}.Release|x86.Build.0 = Release|Any CPU
		{51224903-1D31-4184-A06D-5B815C471BBE}.Debug|Any CPU.ActiveCfg = Debug|Any CPU
		{51224903-1D31-4184-A06D-5B815C471BBE}.Debug|Any CPU.Build.0 = Debug|Any CPU
		{51224903-1D31-4184-A06D-5B815C471BBE}.Debug|x64.ActiveCfg = Debug|Any CPU
		{51224903-1D31-4184-A06D-5B815C471BBE}.Debug|x64.Build.0 = Debug|Any CPU
		{51224903-1D31-4184-A06D-5B815C471BBE}.Debug|x86.ActiveCfg = Debug|Any CPU
		{51224903-1D31-4184-A06D-5B815C471BBE}.Debug|x86.Build.0 = Debug|Any CPU
		{51224903-1D31-4184-A06D-5B815C471BBE}.Release|Any CPU.ActiveCfg = Release|Any CPU
		{51224903-1D31-4184-A06D-5B815C471BBE}.Release|Any CPU.Build.0 = Release|Any CPU
		{51224903-1D31-4184-A06D-5B815C471BBE}.Release|x64.ActiveCfg = Release|Any CPU
		{51224903-1D31-4184-A06D-5B815C471BBE}.Release|x64.Build.0 = Release|Any CPU
		{51224903-1D31-4184-A06D-5B815C471BBE}.Release|x86.ActiveCfg = Release|Any CPU
		{51224903-1D31-4184-A06D-5B815C471BBE}.Release|x86.Build.0 = Release|Any CPU
		{F53FABFF-E58B-4472-8971-17DF0587773B}.Debug|Any CPU.ActiveCfg = Debug|Any CPU
		{F53FABFF-E58B-4472-8971-17DF0587773B}.Debug|Any CPU.Build.0 = Debug|Any CPU
		{F53FABFF-E58B-4472-8971-17DF0587773B}.Debug|x64.ActiveCfg = Debug|Any CPU
		{F53FABFF-E58B-4472-8971-17DF0587773B}.Debug|x64.Build.0 = Debug|Any CPU
		{F53FABFF-E58B-4472-8971-17DF0587773B}.Debug|x86.ActiveCfg = Debug|Any CPU
		{F53FABFF-E58B-4472-8971-17DF0587773B}.Debug|x86.Build.0 = Debug|Any CPU
		{F53FABFF-E58B-4472-8971-17DF0587773B}.Release|Any CPU.ActiveCfg = Release|Any CPU
		{F53FABFF-E58B-4472-8971-17DF0587773B}.Release|Any CPU.Build.0 = Release|Any CPU
		{F53FABFF-E58B-4472-8971-17DF0587773B}.Release|x64.ActiveCfg = Release|Any CPU
		{F53FABFF-E58B-4472-8971-17DF0587773B}.Release|x64.Build.0 = Release|Any CPU
		{F53FABFF-E58B-4472-8971-17DF0587773B}.Release|x86.ActiveCfg = Release|Any CPU
		{F53FABFF-E58B-4472-8971-17DF0587773B}.Release|x86.Build.0 = Release|Any CPU
		{E128873B-75F7-4817-90B0-8582103EFFED}.Debug|Any CPU.ActiveCfg = Debug|Any CPU
		{E128873B-75F7-4817-90B0-8582103EFFED}.Debug|Any CPU.Build.0 = Debug|Any CPU
		{E128873B-75F7-4817-90B0-8582103EFFED}.Debug|x64.ActiveCfg = Debug|Any CPU
		{E128873B-75F7-4817-90B0-8582103EFFED}.Debug|x64.Build.0 = Debug|Any CPU
		{E128873B-75F7-4817-90B0-8582103EFFED}.Debug|x86.ActiveCfg = Debug|Any CPU
		{E128873B-75F7-4817-90B0-8582103EFFED}.Debug|x86.Build.0 = Debug|Any CPU
		{E128873B-75F7-4817-90B0-8582103EFFED}.Release|Any CPU.ActiveCfg = Release|Any CPU
		{E128873B-75F7-4817-90B0-8582103EFFED}.Release|Any CPU.Build.0 = Release|Any CPU
		{E128873B-75F7-4817-90B0-8582103EFFED}.Release|x64.ActiveCfg = Release|Any CPU
		{E128873B-75F7-4817-90B0-8582103EFFED}.Release|x64.Build.0 = Release|Any CPU
		{E128873B-75F7-4817-90B0-8582103EFFED}.Release|x86.ActiveCfg = Release|Any CPU
		{E128873B-75F7-4817-90B0-8582103EFFED}.Release|x86.Build.0 = Release|Any CPU
		{D14A92E0-5D0B-410F-8265-15C4B034E22A}.Debug|Any CPU.ActiveCfg = Debug|Any CPU
		{D14A92E0-5D0B-410F-8265-15C4B034E22A}.Debug|Any CPU.Build.0 = Debug|Any CPU
		{D14A92E0-5D0B-410F-8265-15C4B034E22A}.Debug|x64.ActiveCfg = Debug|Any CPU
		{D14A92E0-5D0B-410F-8265-15C4B034E22A}.Debug|x64.Build.0 = Debug|Any CPU
		{D14A92E0-5D0B-410F-8265-15C4B034E22A}.Debug|x86.ActiveCfg = Debug|Any CPU
		{D14A92E0-5D0B-410F-8265-15C4B034E22A}.Debug|x86.Build.0 = Debug|Any CPU
		{D14A92E0-5D0B-410F-8265-15C4B034E22A}.Release|Any CPU.ActiveCfg = Release|Any CPU
		{D14A92E0-5D0B-410F-8265-15C4B034E22A}.Release|Any CPU.Build.0 = Release|Any CPU
		{D14A92E0-5D0B-410F-8265-15C4B034E22A}.Release|x64.ActiveCfg = Release|Any CPU
		{D14A92E0-5D0B-410F-8265-15C4B034E22A}.Release|x64.Build.0 = Release|Any CPU
		{D14A92E0-5D0B-410F-8265-15C4B034E22A}.Release|x86.ActiveCfg = Release|Any CPU
		{D14A92E0-5D0B-410F-8265-15C4B034E22A}.Release|x86.Build.0 = Release|Any CPU
		{07D344B4-59F8-4237-A5B6-6A777C90ABC4}.Debug|Any CPU.ActiveCfg = Debug|Any CPU
		{07D344B4-59F8-4237-A5B6-6A777C90ABC4}.Debug|Any CPU.Build.0 = Debug|Any CPU
		{07D344B4-59F8-4237-A5B6-6A777C90ABC4}.Debug|x64.ActiveCfg = Debug|Any CPU
		{07D344B4-59F8-4237-A5B6-6A777C90ABC4}.Debug|x64.Build.0 = Debug|Any CPU
		{07D344B4-59F8-4237-A5B6-6A777C90ABC4}.Debug|x86.ActiveCfg = Debug|Any CPU
		{07D344B4-59F8-4237-A5B6-6A777C90ABC4}.Debug|x86.Build.0 = Debug|Any CPU
		{07D344B4-59F8-4237-A5B6-6A777C90ABC4}.Release|Any CPU.ActiveCfg = Release|Any CPU
		{07D344B4-59F8-4237-A5B6-6A777C90ABC4}.Release|Any CPU.Build.0 = Release|Any CPU
		{07D344B4-59F8-4237-A5B6-6A777C90ABC4}.Release|x64.ActiveCfg = Release|Any CPU
		{07D344B4-59F8-4237-A5B6-6A777C90ABC4}.Release|x64.Build.0 = Release|Any CPU
		{07D344B4-59F8-4237-A5B6-6A777C90ABC4}.Release|x86.ActiveCfg = Release|Any CPU
		{07D344B4-59F8-4237-A5B6-6A777C90ABC4}.Release|x86.Build.0 = Release|Any CPU
		{E500B4DF-4151-46D6-A1B6-0E46873EA078}.Debug|Any CPU.ActiveCfg = Debug|Any CPU
		{E500B4DF-4151-46D6-A1B6-0E46873EA078}.Debug|Any CPU.Build.0 = Debug|Any CPU
		{E500B4DF-4151-46D6-A1B6-0E46873EA078}.Debug|x64.ActiveCfg = Debug|Any CPU
		{E500B4DF-4151-46D6-A1B6-0E46873EA078}.Debug|x64.Build.0 = Debug|Any CPU
		{E500B4DF-4151-46D6-A1B6-0E46873EA078}.Debug|x86.ActiveCfg = Debug|Any CPU
		{E500B4DF-4151-46D6-A1B6-0E46873EA078}.Debug|x86.Build.0 = Debug|Any CPU
		{E500B4DF-4151-46D6-A1B6-0E46873EA078}.Release|Any CPU.ActiveCfg = Release|Any CPU
		{E500B4DF-4151-46D6-A1B6-0E46873EA078}.Release|Any CPU.Build.0 = Release|Any CPU
		{E500B4DF-4151-46D6-A1B6-0E46873EA078}.Release|x64.ActiveCfg = Release|Any CPU
		{E500B4DF-4151-46D6-A1B6-0E46873EA078}.Release|x64.Build.0 = Release|Any CPU
		{E500B4DF-4151-46D6-A1B6-0E46873EA078}.Release|x86.ActiveCfg = Release|Any CPU
		{E500B4DF-4151-46D6-A1B6-0E46873EA078}.Release|x86.Build.0 = Release|Any CPU
		{41DF6EDD-4185-45C8-A3E5-6216463CCC0C}.Debug|Any CPU.ActiveCfg = Debug|Any CPU
		{41DF6EDD-4185-45C8-A3E5-6216463CCC0C}.Debug|Any CPU.Build.0 = Debug|Any CPU
		{41DF6EDD-4185-45C8-A3E5-6216463CCC0C}.Debug|x64.ActiveCfg = Debug|Any CPU
		{41DF6EDD-4185-45C8-A3E5-6216463CCC0C}.Debug|x64.Build.0 = Debug|Any CPU
		{41DF6EDD-4185-45C8-A3E5-6216463CCC0C}.Debug|x86.ActiveCfg = Debug|Any CPU
		{41DF6EDD-4185-45C8-A3E5-6216463CCC0C}.Debug|x86.Build.0 = Debug|Any CPU
		{41DF6EDD-4185-45C8-A3E5-6216463CCC0C}.Release|Any CPU.ActiveCfg = Release|Any CPU
		{41DF6EDD-4185-45C8-A3E5-6216463CCC0C}.Release|Any CPU.Build.0 = Release|Any CPU
		{41DF6EDD-4185-45C8-A3E5-6216463CCC0C}.Release|x64.ActiveCfg = Release|Any CPU
		{41DF6EDD-4185-45C8-A3E5-6216463CCC0C}.Release|x64.Build.0 = Release|Any CPU
		{41DF6EDD-4185-45C8-A3E5-6216463CCC0C}.Release|x86.ActiveCfg = Release|Any CPU
		{41DF6EDD-4185-45C8-A3E5-6216463CCC0C}.Release|x86.Build.0 = Release|Any CPU
		{9B22E42D-677F-4633-BD2E-1BA6F29BD6BD}.Debug|Any CPU.ActiveCfg = Debug|Any CPU
		{9B22E42D-677F-4633-BD2E-1BA6F29BD6BD}.Debug|Any CPU.Build.0 = Debug|Any CPU
		{9B22E42D-677F-4633-BD2E-1BA6F29BD6BD}.Debug|x64.ActiveCfg = Debug|Any CPU
		{9B22E42D-677F-4633-BD2E-1BA6F29BD6BD}.Debug|x64.Build.0 = Debug|Any CPU
		{9B22E42D-677F-4633-BD2E-1BA6F29BD6BD}.Debug|x86.ActiveCfg = Debug|Any CPU
		{9B22E42D-677F-4633-BD2E-1BA6F29BD6BD}.Debug|x86.Build.0 = Debug|Any CPU
		{9B22E42D-677F-4633-BD2E-1BA6F29BD6BD}.Release|Any CPU.ActiveCfg = Release|Any CPU
		{9B22E42D-677F-4633-BD2E-1BA6F29BD6BD}.Release|Any CPU.Build.0 = Release|Any CPU
		{9B22E42D-677F-4633-BD2E-1BA6F29BD6BD}.Release|x64.ActiveCfg = Release|Any CPU
		{9B22E42D-677F-4633-BD2E-1BA6F29BD6BD}.Release|x64.Build.0 = Release|Any CPU
		{9B22E42D-677F-4633-BD2E-1BA6F29BD6BD}.Release|x86.ActiveCfg = Release|Any CPU
		{9B22E42D-677F-4633-BD2E-1BA6F29BD6BD}.Release|x86.Build.0 = Release|Any CPU
		{1BB90F0E-4A26-43FB-93EC-A22060C9EDF6}.Debug|Any CPU.ActiveCfg = Debug|Any CPU
		{1BB90F0E-4A26-43FB-93EC-A22060C9EDF6}.Debug|Any CPU.Build.0 = Debug|Any CPU
		{1BB90F0E-4A26-43FB-93EC-A22060C9EDF6}.Debug|x64.ActiveCfg = Debug|Any CPU
		{1BB90F0E-4A26-43FB-93EC-A22060C9EDF6}.Debug|x64.Build.0 = Debug|Any CPU
		{1BB90F0E-4A26-43FB-93EC-A22060C9EDF6}.Debug|x86.ActiveCfg = Debug|Any CPU
		{1BB90F0E-4A26-43FB-93EC-A22060C9EDF6}.Debug|x86.Build.0 = Debug|Any CPU
		{1BB90F0E-4A26-43FB-93EC-A22060C9EDF6}.Release|Any CPU.ActiveCfg = Release|Any CPU
		{1BB90F0E-4A26-43FB-93EC-A22060C9EDF6}.Release|Any CPU.Build.0 = Release|Any CPU
		{1BB90F0E-4A26-43FB-93EC-A22060C9EDF6}.Release|x64.ActiveCfg = Release|Any CPU
		{1BB90F0E-4A26-43FB-93EC-A22060C9EDF6}.Release|x64.Build.0 = Release|Any CPU
		{1BB90F0E-4A26-43FB-93EC-A22060C9EDF6}.Release|x86.ActiveCfg = Release|Any CPU
		{1BB90F0E-4A26-43FB-93EC-A22060C9EDF6}.Release|x86.Build.0 = Release|Any CPU
		{4CE5EC92-FC22-4178-866D-95807EF8CFA3}.Debug|Any CPU.ActiveCfg = Debug|Any CPU
		{4CE5EC92-FC22-4178-866D-95807EF8CFA3}.Debug|Any CPU.Build.0 = Debug|Any CPU
		{4CE5EC92-FC22-4178-866D-95807EF8CFA3}.Debug|x64.ActiveCfg = Debug|Any CPU
		{4CE5EC92-FC22-4178-866D-95807EF8CFA3}.Debug|x64.Build.0 = Debug|Any CPU
		{4CE5EC92-FC22-4178-866D-95807EF8CFA3}.Debug|x86.ActiveCfg = Debug|Any CPU
		{4CE5EC92-FC22-4178-866D-95807EF8CFA3}.Debug|x86.Build.0 = Debug|Any CPU
		{4CE5EC92-FC22-4178-866D-95807EF8CFA3}.Release|Any CPU.ActiveCfg = Release|Any CPU
		{4CE5EC92-FC22-4178-866D-95807EF8CFA3}.Release|Any CPU.Build.0 = Release|Any CPU
		{4CE5EC92-FC22-4178-866D-95807EF8CFA3}.Release|x64.ActiveCfg = Release|Any CPU
		{4CE5EC92-FC22-4178-866D-95807EF8CFA3}.Release|x64.Build.0 = Release|Any CPU
		{4CE5EC92-FC22-4178-866D-95807EF8CFA3}.Release|x86.ActiveCfg = Release|Any CPU
		{4CE5EC92-FC22-4178-866D-95807EF8CFA3}.Release|x86.Build.0 = Release|Any CPU
		{424106B5-45B3-4FE3-9831-C5B808C16076}.Debug|Any CPU.ActiveCfg = Debug|Any CPU
		{424106B5-45B3-4FE3-9831-C5B808C16076}.Debug|Any CPU.Build.0 = Debug|Any CPU
		{424106B5-45B3-4FE3-9831-C5B808C16076}.Debug|x64.ActiveCfg = Debug|Any CPU
		{424106B5-45B3-4FE3-9831-C5B808C16076}.Debug|x64.Build.0 = Debug|Any CPU
		{424106B5-45B3-4FE3-9831-C5B808C16076}.Debug|x86.ActiveCfg = Debug|Any CPU
		{424106B5-45B3-4FE3-9831-C5B808C16076}.Debug|x86.Build.0 = Debug|Any CPU
		{424106B5-45B3-4FE3-9831-C5B808C16076}.Release|Any CPU.ActiveCfg = Release|Any CPU
		{424106B5-45B3-4FE3-9831-C5B808C16076}.Release|Any CPU.Build.0 = Release|Any CPU
		{424106B5-45B3-4FE3-9831-C5B808C16076}.Release|x64.ActiveCfg = Release|Any CPU
		{424106B5-45B3-4FE3-9831-C5B808C16076}.Release|x64.Build.0 = Release|Any CPU
		{424106B5-45B3-4FE3-9831-C5B808C16076}.Release|x86.ActiveCfg = Release|Any CPU
		{424106B5-45B3-4FE3-9831-C5B808C16076}.Release|x86.Build.0 = Release|Any CPU
		{EDE99A70-5A10-4067-B6BA-365F6A583AA6}.Debug|Any CPU.ActiveCfg = Debug|Any CPU
		{EDE99A70-5A10-4067-B6BA-365F6A583AA6}.Debug|Any CPU.Build.0 = Debug|Any CPU
		{EDE99A70-5A10-4067-B6BA-365F6A583AA6}.Debug|x64.ActiveCfg = Debug|Any CPU
		{EDE99A70-5A10-4067-B6BA-365F6A583AA6}.Debug|x64.Build.0 = Debug|Any CPU
		{EDE99A70-5A10-4067-B6BA-365F6A583AA6}.Debug|x86.ActiveCfg = Debug|Any CPU
		{EDE99A70-5A10-4067-B6BA-365F6A583AA6}.Debug|x86.Build.0 = Debug|Any CPU
		{EDE99A70-5A10-4067-B6BA-365F6A583AA6}.Release|Any CPU.ActiveCfg = Release|Any CPU
		{EDE99A70-5A10-4067-B6BA-365F6A583AA6}.Release|Any CPU.Build.0 = Release|Any CPU
		{EDE99A70-5A10-4067-B6BA-365F6A583AA6}.Release|x64.ActiveCfg = Release|Any CPU
		{EDE99A70-5A10-4067-B6BA-365F6A583AA6}.Release|x64.Build.0 = Release|Any CPU
		{EDE99A70-5A10-4067-B6BA-365F6A583AA6}.Release|x86.ActiveCfg = Release|Any CPU
		{EDE99A70-5A10-4067-B6BA-365F6A583AA6}.Release|x86.Build.0 = Release|Any CPU
		{9ADCAD2B-188A-4A98-8FFC-99CF4A0E8F30}.Debug|Any CPU.ActiveCfg = Debug|Any CPU
		{9ADCAD2B-188A-4A98-8FFC-99CF4A0E8F30}.Debug|Any CPU.Build.0 = Debug|Any CPU
		{9ADCAD2B-188A-4A98-8FFC-99CF4A0E8F30}.Debug|x64.ActiveCfg = Debug|Any CPU
		{9ADCAD2B-188A-4A98-8FFC-99CF4A0E8F30}.Debug|x64.Build.0 = Debug|Any CPU
		{9ADCAD2B-188A-4A98-8FFC-99CF4A0E8F30}.Debug|x86.ActiveCfg = Debug|Any CPU
		{9ADCAD2B-188A-4A98-8FFC-99CF4A0E8F30}.Debug|x86.Build.0 = Debug|Any CPU
		{9ADCAD2B-188A-4A98-8FFC-99CF4A0E8F30}.Release|Any CPU.ActiveCfg = Release|Any CPU
		{9ADCAD2B-188A-4A98-8FFC-99CF4A0E8F30}.Release|Any CPU.Build.0 = Release|Any CPU
		{9ADCAD2B-188A-4A98-8FFC-99CF4A0E8F30}.Release|x64.ActiveCfg = Release|Any CPU
		{9ADCAD2B-188A-4A98-8FFC-99CF4A0E8F30}.Release|x64.Build.0 = Release|Any CPU
		{9ADCAD2B-188A-4A98-8FFC-99CF4A0E8F30}.Release|x86.ActiveCfg = Release|Any CPU
		{9ADCAD2B-188A-4A98-8FFC-99CF4A0E8F30}.Release|x86.Build.0 = Release|Any CPU
		{FE45DF42-D8D7-45CD-B8D1-C33B546F7130}.Debug|Any CPU.ActiveCfg = Debug|Any CPU
		{FE45DF42-D8D7-45CD-B8D1-C33B546F7130}.Debug|Any CPU.Build.0 = Debug|Any CPU
		{FE45DF42-D8D7-45CD-B8D1-C33B546F7130}.Debug|x64.ActiveCfg = Debug|Any CPU
		{FE45DF42-D8D7-45CD-B8D1-C33B546F7130}.Debug|x64.Build.0 = Debug|Any CPU
		{FE45DF42-D8D7-45CD-B8D1-C33B546F7130}.Debug|x86.ActiveCfg = Debug|Any CPU
		{FE45DF42-D8D7-45CD-B8D1-C33B546F7130}.Debug|x86.Build.0 = Debug|Any CPU
		{FE45DF42-D8D7-45CD-B8D1-C33B546F7130}.Release|Any CPU.ActiveCfg = Release|Any CPU
		{FE45DF42-D8D7-45CD-B8D1-C33B546F7130}.Release|Any CPU.Build.0 = Release|Any CPU
		{FE45DF42-D8D7-45CD-B8D1-C33B546F7130}.Release|x64.ActiveCfg = Release|Any CPU
		{FE45DF42-D8D7-45CD-B8D1-C33B546F7130}.Release|x64.Build.0 = Release|Any CPU
		{FE45DF42-D8D7-45CD-B8D1-C33B546F7130}.Release|x86.ActiveCfg = Release|Any CPU
		{FE45DF42-D8D7-45CD-B8D1-C33B546F7130}.Release|x86.Build.0 = Release|Any CPU
		{9979A989-BCBF-408E-AA85-9F66BA3BAB29}.Debug|Any CPU.ActiveCfg = Debug|Any CPU
		{9979A989-BCBF-408E-AA85-9F66BA3BAB29}.Debug|Any CPU.Build.0 = Debug|Any CPU
		{9979A989-BCBF-408E-AA85-9F66BA3BAB29}.Debug|x64.ActiveCfg = Debug|Any CPU
		{9979A989-BCBF-408E-AA85-9F66BA3BAB29}.Debug|x64.Build.0 = Debug|Any CPU
		{9979A989-BCBF-408E-AA85-9F66BA3BAB29}.Debug|x86.ActiveCfg = Debug|Any CPU
		{9979A989-BCBF-408E-AA85-9F66BA3BAB29}.Debug|x86.Build.0 = Debug|Any CPU
		{9979A989-BCBF-408E-AA85-9F66BA3BAB29}.Release|Any CPU.ActiveCfg = Release|Any CPU
		{9979A989-BCBF-408E-AA85-9F66BA3BAB29}.Release|Any CPU.Build.0 = Release|Any CPU
		{9979A989-BCBF-408E-AA85-9F66BA3BAB29}.Release|x64.ActiveCfg = Release|Any CPU
		{9979A989-BCBF-408E-AA85-9F66BA3BAB29}.Release|x64.Build.0 = Release|Any CPU
		{9979A989-BCBF-408E-AA85-9F66BA3BAB29}.Release|x86.ActiveCfg = Release|Any CPU
		{9979A989-BCBF-408E-AA85-9F66BA3BAB29}.Release|x86.Build.0 = Release|Any CPU
		{40C641F7-5DF9-4B5E-978A-573C2368526B}.Debug|Any CPU.ActiveCfg = Debug|Any CPU
		{40C641F7-5DF9-4B5E-978A-573C2368526B}.Debug|Any CPU.Build.0 = Debug|Any CPU
		{40C641F7-5DF9-4B5E-978A-573C2368526B}.Debug|x64.ActiveCfg = Debug|Any CPU
		{40C641F7-5DF9-4B5E-978A-573C2368526B}.Debug|x64.Build.0 = Debug|Any CPU
		{40C641F7-5DF9-4B5E-978A-573C2368526B}.Debug|x86.ActiveCfg = Debug|Any CPU
		{40C641F7-5DF9-4B5E-978A-573C2368526B}.Debug|x86.Build.0 = Debug|Any CPU
		{40C641F7-5DF9-4B5E-978A-573C2368526B}.Release|Any CPU.ActiveCfg = Release|Any CPU
		{40C641F7-5DF9-4B5E-978A-573C2368526B}.Release|Any CPU.Build.0 = Release|Any CPU
		{40C641F7-5DF9-4B5E-978A-573C2368526B}.Release|x64.ActiveCfg = Release|Any CPU
		{40C641F7-5DF9-4B5E-978A-573C2368526B}.Release|x64.Build.0 = Release|Any CPU
		{40C641F7-5DF9-4B5E-978A-573C2368526B}.Release|x86.ActiveCfg = Release|Any CPU
		{40C641F7-5DF9-4B5E-978A-573C2368526B}.Release|x86.Build.0 = Release|Any CPU
		{3DEC91F4-059E-4CB3-A4CE-F2BD28CDFB2A}.Debug|Any CPU.ActiveCfg = Debug|Any CPU
		{3DEC91F4-059E-4CB3-A4CE-F2BD28CDFB2A}.Debug|Any CPU.Build.0 = Debug|Any CPU
		{3DEC91F4-059E-4CB3-A4CE-F2BD28CDFB2A}.Debug|x64.ActiveCfg = Debug|Any CPU
		{3DEC91F4-059E-4CB3-A4CE-F2BD28CDFB2A}.Debug|x64.Build.0 = Debug|Any CPU
		{3DEC91F4-059E-4CB3-A4CE-F2BD28CDFB2A}.Debug|x86.ActiveCfg = Debug|Any CPU
		{3DEC91F4-059E-4CB3-A4CE-F2BD28CDFB2A}.Debug|x86.Build.0 = Debug|Any CPU
		{3DEC91F4-059E-4CB3-A4CE-F2BD28CDFB2A}.Release|Any CPU.ActiveCfg = Release|Any CPU
		{3DEC91F4-059E-4CB3-A4CE-F2BD28CDFB2A}.Release|Any CPU.Build.0 = Release|Any CPU
		{3DEC91F4-059E-4CB3-A4CE-F2BD28CDFB2A}.Release|x64.ActiveCfg = Release|Any CPU
		{3DEC91F4-059E-4CB3-A4CE-F2BD28CDFB2A}.Release|x64.Build.0 = Release|Any CPU
		{3DEC91F4-059E-4CB3-A4CE-F2BD28CDFB2A}.Release|x86.ActiveCfg = Release|Any CPU
		{3DEC91F4-059E-4CB3-A4CE-F2BD28CDFB2A}.Release|x86.Build.0 = Release|Any CPU
		{9889B151-64BD-4CD5-A9BB-F5E9F4B63071}.Debug|Any CPU.ActiveCfg = Debug|Any CPU
		{9889B151-64BD-4CD5-A9BB-F5E9F4B63071}.Debug|Any CPU.Build.0 = Debug|Any CPU
		{9889B151-64BD-4CD5-A9BB-F5E9F4B63071}.Debug|x64.ActiveCfg = Debug|Any CPU
		{9889B151-64BD-4CD5-A9BB-F5E9F4B63071}.Debug|x64.Build.0 = Debug|Any CPU
		{9889B151-64BD-4CD5-A9BB-F5E9F4B63071}.Debug|x86.ActiveCfg = Debug|Any CPU
		{9889B151-64BD-4CD5-A9BB-F5E9F4B63071}.Debug|x86.Build.0 = Debug|Any CPU
		{9889B151-64BD-4CD5-A9BB-F5E9F4B63071}.Release|Any CPU.ActiveCfg = Release|Any CPU
		{9889B151-64BD-4CD5-A9BB-F5E9F4B63071}.Release|Any CPU.Build.0 = Release|Any CPU
		{9889B151-64BD-4CD5-A9BB-F5E9F4B63071}.Release|x64.ActiveCfg = Release|Any CPU
		{9889B151-64BD-4CD5-A9BB-F5E9F4B63071}.Release|x64.Build.0 = Release|Any CPU
		{9889B151-64BD-4CD5-A9BB-F5E9F4B63071}.Release|x86.ActiveCfg = Release|Any CPU
		{9889B151-64BD-4CD5-A9BB-F5E9F4B63071}.Release|x86.Build.0 = Release|Any CPU
		{5529B212-76F4-4627-B8D2-F93BD7971A55}.Debug|Any CPU.ActiveCfg = Debug|Any CPU
		{5529B212-76F4-4627-B8D2-F93BD7971A55}.Debug|Any CPU.Build.0 = Debug|Any CPU
		{5529B212-76F4-4627-B8D2-F93BD7971A55}.Debug|x64.ActiveCfg = Debug|Any CPU
		{5529B212-76F4-4627-B8D2-F93BD7971A55}.Debug|x64.Build.0 = Debug|Any CPU
		{5529B212-76F4-4627-B8D2-F93BD7971A55}.Debug|x86.ActiveCfg = Debug|Any CPU
		{5529B212-76F4-4627-B8D2-F93BD7971A55}.Debug|x86.Build.0 = Debug|Any CPU
		{5529B212-76F4-4627-B8D2-F93BD7971A55}.Release|Any CPU.ActiveCfg = Release|Any CPU
		{5529B212-76F4-4627-B8D2-F93BD7971A55}.Release|Any CPU.Build.0 = Release|Any CPU
		{5529B212-76F4-4627-B8D2-F93BD7971A55}.Release|x64.ActiveCfg = Release|Any CPU
		{5529B212-76F4-4627-B8D2-F93BD7971A55}.Release|x64.Build.0 = Release|Any CPU
		{5529B212-76F4-4627-B8D2-F93BD7971A55}.Release|x86.ActiveCfg = Release|Any CPU
		{5529B212-76F4-4627-B8D2-F93BD7971A55}.Release|x86.Build.0 = Release|Any CPU
		{B0862520-6618-4E3B-8ED1-54949F5881C0}.Debug|Any CPU.ActiveCfg = Debug|Any CPU
		{B0862520-6618-4E3B-8ED1-54949F5881C0}.Debug|Any CPU.Build.0 = Debug|Any CPU
		{B0862520-6618-4E3B-8ED1-54949F5881C0}.Debug|x64.ActiveCfg = Debug|Any CPU
		{B0862520-6618-4E3B-8ED1-54949F5881C0}.Debug|x64.Build.0 = Debug|Any CPU
		{B0862520-6618-4E3B-8ED1-54949F5881C0}.Debug|x86.ActiveCfg = Debug|Any CPU
		{B0862520-6618-4E3B-8ED1-54949F5881C0}.Debug|x86.Build.0 = Debug|Any CPU
		{B0862520-6618-4E3B-8ED1-54949F5881C0}.Release|Any CPU.ActiveCfg = Release|Any CPU
		{B0862520-6618-4E3B-8ED1-54949F5881C0}.Release|Any CPU.Build.0 = Release|Any CPU
		{B0862520-6618-4E3B-8ED1-54949F5881C0}.Release|x64.ActiveCfg = Release|Any CPU
		{B0862520-6618-4E3B-8ED1-54949F5881C0}.Release|x64.Build.0 = Release|Any CPU
		{B0862520-6618-4E3B-8ED1-54949F5881C0}.Release|x86.ActiveCfg = Release|Any CPU
		{B0862520-6618-4E3B-8ED1-54949F5881C0}.Release|x86.Build.0 = Release|Any CPU
		{4E798A1C-2E21-446A-90FD-DE8126C0974E}.Debug|Any CPU.ActiveCfg = Debug|Any CPU
		{4E798A1C-2E21-446A-90FD-DE8126C0974E}.Debug|Any CPU.Build.0 = Debug|Any CPU
		{4E798A1C-2E21-446A-90FD-DE8126C0974E}.Debug|x64.ActiveCfg = Debug|Any CPU
		{4E798A1C-2E21-446A-90FD-DE8126C0974E}.Debug|x64.Build.0 = Debug|Any CPU
		{4E798A1C-2E21-446A-90FD-DE8126C0974E}.Debug|x86.ActiveCfg = Debug|Any CPU
		{4E798A1C-2E21-446A-90FD-DE8126C0974E}.Debug|x86.Build.0 = Debug|Any CPU
		{4E798A1C-2E21-446A-90FD-DE8126C0974E}.Release|Any CPU.ActiveCfg = Release|Any CPU
		{4E798A1C-2E21-446A-90FD-DE8126C0974E}.Release|Any CPU.Build.0 = Release|Any CPU
		{4E798A1C-2E21-446A-90FD-DE8126C0974E}.Release|x64.ActiveCfg = Release|Any CPU
		{4E798A1C-2E21-446A-90FD-DE8126C0974E}.Release|x64.Build.0 = Release|Any CPU
		{4E798A1C-2E21-446A-90FD-DE8126C0974E}.Release|x86.ActiveCfg = Release|Any CPU
		{4E798A1C-2E21-446A-90FD-DE8126C0974E}.Release|x86.Build.0 = Release|Any CPU
		{54C9BD0D-B91C-45D6-9EB5-BE8A449A7DCE}.Debug|Any CPU.ActiveCfg = Debug|Any CPU
		{54C9BD0D-B91C-45D6-9EB5-BE8A449A7DCE}.Debug|Any CPU.Build.0 = Debug|Any CPU
		{54C9BD0D-B91C-45D6-9EB5-BE8A449A7DCE}.Debug|x64.ActiveCfg = Debug|Any CPU
		{54C9BD0D-B91C-45D6-9EB5-BE8A449A7DCE}.Debug|x64.Build.0 = Debug|Any CPU
		{54C9BD0D-B91C-45D6-9EB5-BE8A449A7DCE}.Debug|x86.ActiveCfg = Debug|Any CPU
		{54C9BD0D-B91C-45D6-9EB5-BE8A449A7DCE}.Debug|x86.Build.0 = Debug|Any CPU
		{54C9BD0D-B91C-45D6-9EB5-BE8A449A7DCE}.Release|Any CPU.ActiveCfg = Release|Any CPU
		{54C9BD0D-B91C-45D6-9EB5-BE8A449A7DCE}.Release|Any CPU.Build.0 = Release|Any CPU
		{54C9BD0D-B91C-45D6-9EB5-BE8A449A7DCE}.Release|x64.ActiveCfg = Release|Any CPU
		{54C9BD0D-B91C-45D6-9EB5-BE8A449A7DCE}.Release|x64.Build.0 = Release|Any CPU
		{54C9BD0D-B91C-45D6-9EB5-BE8A449A7DCE}.Release|x86.ActiveCfg = Release|Any CPU
		{54C9BD0D-B91C-45D6-9EB5-BE8A449A7DCE}.Release|x86.Build.0 = Release|Any CPU
		{62030FFD-EBD3-49DC-B56F-2C971F2A249C}.Debug|Any CPU.ActiveCfg = Debug|Any CPU
		{62030FFD-EBD3-49DC-B56F-2C971F2A249C}.Debug|Any CPU.Build.0 = Debug|Any CPU
		{62030FFD-EBD3-49DC-B56F-2C971F2A249C}.Debug|x64.ActiveCfg = Debug|Any CPU
		{62030FFD-EBD3-49DC-B56F-2C971F2A249C}.Debug|x64.Build.0 = Debug|Any CPU
		{62030FFD-EBD3-49DC-B56F-2C971F2A249C}.Debug|x86.ActiveCfg = Debug|Any CPU
		{62030FFD-EBD3-49DC-B56F-2C971F2A249C}.Debug|x86.Build.0 = Debug|Any CPU
		{62030FFD-EBD3-49DC-B56F-2C971F2A249C}.Release|Any CPU.ActiveCfg = Release|Any CPU
		{62030FFD-EBD3-49DC-B56F-2C971F2A249C}.Release|Any CPU.Build.0 = Release|Any CPU
		{62030FFD-EBD3-49DC-B56F-2C971F2A249C}.Release|x64.ActiveCfg = Release|Any CPU
		{62030FFD-EBD3-49DC-B56F-2C971F2A249C}.Release|x64.Build.0 = Release|Any CPU
		{62030FFD-EBD3-49DC-B56F-2C971F2A249C}.Release|x86.ActiveCfg = Release|Any CPU
		{62030FFD-EBD3-49DC-B56F-2C971F2A249C}.Release|x86.Build.0 = Release|Any CPU
		{77E5CC00-BBBF-47C3-A58F-FB2F4C561B1C}.Debug|Any CPU.ActiveCfg = Debug|Any CPU
		{77E5CC00-BBBF-47C3-A58F-FB2F4C561B1C}.Debug|Any CPU.Build.0 = Debug|Any CPU
		{77E5CC00-BBBF-47C3-A58F-FB2F4C561B1C}.Debug|x64.ActiveCfg = Debug|Any CPU
		{77E5CC00-BBBF-47C3-A58F-FB2F4C561B1C}.Debug|x64.Build.0 = Debug|Any CPU
		{77E5CC00-BBBF-47C3-A58F-FB2F4C561B1C}.Debug|x86.ActiveCfg = Debug|Any CPU
		{77E5CC00-BBBF-47C3-A58F-FB2F4C561B1C}.Debug|x86.Build.0 = Debug|Any CPU
		{77E5CC00-BBBF-47C3-A58F-FB2F4C561B1C}.Release|Any CPU.ActiveCfg = Release|Any CPU
		{77E5CC00-BBBF-47C3-A58F-FB2F4C561B1C}.Release|Any CPU.Build.0 = Release|Any CPU
		{77E5CC00-BBBF-47C3-A58F-FB2F4C561B1C}.Release|x64.ActiveCfg = Release|Any CPU
		{77E5CC00-BBBF-47C3-A58F-FB2F4C561B1C}.Release|x64.Build.0 = Release|Any CPU
		{77E5CC00-BBBF-47C3-A58F-FB2F4C561B1C}.Release|x86.ActiveCfg = Release|Any CPU
		{77E5CC00-BBBF-47C3-A58F-FB2F4C561B1C}.Release|x86.Build.0 = Release|Any CPU
		{D63631A6-5480-4E45-961D-2E732090A6BD}.Debug|Any CPU.ActiveCfg = Debug|Any CPU
		{D63631A6-5480-4E45-961D-2E732090A6BD}.Debug|Any CPU.Build.0 = Debug|Any CPU
		{D63631A6-5480-4E45-961D-2E732090A6BD}.Debug|x64.ActiveCfg = Debug|Any CPU
		{D63631A6-5480-4E45-961D-2E732090A6BD}.Debug|x64.Build.0 = Debug|Any CPU
		{D63631A6-5480-4E45-961D-2E732090A6BD}.Debug|x86.ActiveCfg = Debug|Any CPU
		{D63631A6-5480-4E45-961D-2E732090A6BD}.Debug|x86.Build.0 = Debug|Any CPU
		{D63631A6-5480-4E45-961D-2E732090A6BD}.Release|Any CPU.ActiveCfg = Release|Any CPU
		{D63631A6-5480-4E45-961D-2E732090A6BD}.Release|Any CPU.Build.0 = Release|Any CPU
		{D63631A6-5480-4E45-961D-2E732090A6BD}.Release|x64.ActiveCfg = Release|Any CPU
		{D63631A6-5480-4E45-961D-2E732090A6BD}.Release|x64.Build.0 = Release|Any CPU
		{D63631A6-5480-4E45-961D-2E732090A6BD}.Release|x86.ActiveCfg = Release|Any CPU
		{D63631A6-5480-4E45-961D-2E732090A6BD}.Release|x86.Build.0 = Release|Any CPU
		{4EB0B70A-2448-4272-A3A0-336019A4E37F}.Debug|Any CPU.ActiveCfg = Debug|Any CPU
		{4EB0B70A-2448-4272-A3A0-336019A4E37F}.Debug|Any CPU.Build.0 = Debug|Any CPU
		{4EB0B70A-2448-4272-A3A0-336019A4E37F}.Debug|x64.ActiveCfg = Debug|Any CPU
		{4EB0B70A-2448-4272-A3A0-336019A4E37F}.Debug|x64.Build.0 = Debug|Any CPU
		{4EB0B70A-2448-4272-A3A0-336019A4E37F}.Debug|x86.ActiveCfg = Debug|Any CPU
		{4EB0B70A-2448-4272-A3A0-336019A4E37F}.Debug|x86.Build.0 = Debug|Any CPU
		{4EB0B70A-2448-4272-A3A0-336019A4E37F}.Release|Any CPU.ActiveCfg = Release|Any CPU
		{4EB0B70A-2448-4272-A3A0-336019A4E37F}.Release|Any CPU.Build.0 = Release|Any CPU
		{4EB0B70A-2448-4272-A3A0-336019A4E37F}.Release|x64.ActiveCfg = Release|Any CPU
		{4EB0B70A-2448-4272-A3A0-336019A4E37F}.Release|x64.Build.0 = Release|Any CPU
		{4EB0B70A-2448-4272-A3A0-336019A4E37F}.Release|x86.ActiveCfg = Release|Any CPU
		{4EB0B70A-2448-4272-A3A0-336019A4E37F}.Release|x86.Build.0 = Release|Any CPU
		{AD218160-8A2E-44E0-90B4-D1F6E1D11C02}.Debug|Any CPU.ActiveCfg = Debug|Any CPU
		{AD218160-8A2E-44E0-90B4-D1F6E1D11C02}.Debug|Any CPU.Build.0 = Debug|Any CPU
		{AD218160-8A2E-44E0-90B4-D1F6E1D11C02}.Debug|x64.ActiveCfg = Debug|Any CPU
		{AD218160-8A2E-44E0-90B4-D1F6E1D11C02}.Debug|x64.Build.0 = Debug|Any CPU
		{AD218160-8A2E-44E0-90B4-D1F6E1D11C02}.Debug|x86.ActiveCfg = Debug|Any CPU
		{AD218160-8A2E-44E0-90B4-D1F6E1D11C02}.Debug|x86.Build.0 = Debug|Any CPU
		{AD218160-8A2E-44E0-90B4-D1F6E1D11C02}.Release|Any CPU.ActiveCfg = Release|Any CPU
		{AD218160-8A2E-44E0-90B4-D1F6E1D11C02}.Release|Any CPU.Build.0 = Release|Any CPU
		{AD218160-8A2E-44E0-90B4-D1F6E1D11C02}.Release|x64.ActiveCfg = Release|Any CPU
		{AD218160-8A2E-44E0-90B4-D1F6E1D11C02}.Release|x64.Build.0 = Release|Any CPU
		{AD218160-8A2E-44E0-90B4-D1F6E1D11C02}.Release|x86.ActiveCfg = Release|Any CPU
		{AD218160-8A2E-44E0-90B4-D1F6E1D11C02}.Release|x86.Build.0 = Release|Any CPU
		{0DA19EE9-6B7C-4827-8B43-770E27BE792F}.Debug|Any CPU.ActiveCfg = Debug|Any CPU
		{0DA19EE9-6B7C-4827-8B43-770E27BE792F}.Debug|Any CPU.Build.0 = Debug|Any CPU
		{0DA19EE9-6B7C-4827-8B43-770E27BE792F}.Debug|x64.ActiveCfg = Debug|Any CPU
		{0DA19EE9-6B7C-4827-8B43-770E27BE792F}.Debug|x64.Build.0 = Debug|Any CPU
		{0DA19EE9-6B7C-4827-8B43-770E27BE792F}.Debug|x86.ActiveCfg = Debug|Any CPU
		{0DA19EE9-6B7C-4827-8B43-770E27BE792F}.Debug|x86.Build.0 = Debug|Any CPU
		{0DA19EE9-6B7C-4827-8B43-770E27BE792F}.Release|Any CPU.ActiveCfg = Release|Any CPU
		{0DA19EE9-6B7C-4827-8B43-770E27BE792F}.Release|Any CPU.Build.0 = Release|Any CPU
		{0DA19EE9-6B7C-4827-8B43-770E27BE792F}.Release|x64.ActiveCfg = Release|Any CPU
		{0DA19EE9-6B7C-4827-8B43-770E27BE792F}.Release|x64.Build.0 = Release|Any CPU
		{0DA19EE9-6B7C-4827-8B43-770E27BE792F}.Release|x86.ActiveCfg = Release|Any CPU
		{0DA19EE9-6B7C-4827-8B43-770E27BE792F}.Release|x86.Build.0 = Release|Any CPU
		{FF535E30-0904-4167-BEE6-758424C244FF}.Debug|Any CPU.ActiveCfg = Debug|Any CPU
		{FF535E30-0904-4167-BEE6-758424C244FF}.Debug|Any CPU.Build.0 = Debug|Any CPU
		{FF535E30-0904-4167-BEE6-758424C244FF}.Debug|x64.ActiveCfg = Debug|Any CPU
		{FF535E30-0904-4167-BEE6-758424C244FF}.Debug|x64.Build.0 = Debug|Any CPU
		{FF535E30-0904-4167-BEE6-758424C244FF}.Debug|x86.ActiveCfg = Debug|Any CPU
		{FF535E30-0904-4167-BEE6-758424C244FF}.Debug|x86.Build.0 = Debug|Any CPU
		{FF535E30-0904-4167-BEE6-758424C244FF}.Release|Any CPU.ActiveCfg = Release|Any CPU
		{FF535E30-0904-4167-BEE6-758424C244FF}.Release|Any CPU.Build.0 = Release|Any CPU
		{FF535E30-0904-4167-BEE6-758424C244FF}.Release|x64.ActiveCfg = Release|Any CPU
		{FF535E30-0904-4167-BEE6-758424C244FF}.Release|x64.Build.0 = Release|Any CPU
		{FF535E30-0904-4167-BEE6-758424C244FF}.Release|x86.ActiveCfg = Release|Any CPU
		{FF535E30-0904-4167-BEE6-758424C244FF}.Release|x86.Build.0 = Release|Any CPU
		{1BCCDB9C-5612-4B4C-993D-8174BFF570C9}.Debug|Any CPU.ActiveCfg = Debug|Any CPU
		{1BCCDB9C-5612-4B4C-993D-8174BFF570C9}.Debug|Any CPU.Build.0 = Debug|Any CPU
		{1BCCDB9C-5612-4B4C-993D-8174BFF570C9}.Debug|x64.ActiveCfg = Debug|Any CPU
		{1BCCDB9C-5612-4B4C-993D-8174BFF570C9}.Debug|x64.Build.0 = Debug|Any CPU
		{1BCCDB9C-5612-4B4C-993D-8174BFF570C9}.Debug|x86.ActiveCfg = Debug|Any CPU
		{1BCCDB9C-5612-4B4C-993D-8174BFF570C9}.Debug|x86.Build.0 = Debug|Any CPU
		{1BCCDB9C-5612-4B4C-993D-8174BFF570C9}.Release|Any CPU.ActiveCfg = Release|Any CPU
		{1BCCDB9C-5612-4B4C-993D-8174BFF570C9}.Release|Any CPU.Build.0 = Release|Any CPU
		{1BCCDB9C-5612-4B4C-993D-8174BFF570C9}.Release|x64.ActiveCfg = Release|Any CPU
		{1BCCDB9C-5612-4B4C-993D-8174BFF570C9}.Release|x64.Build.0 = Release|Any CPU
		{1BCCDB9C-5612-4B4C-993D-8174BFF570C9}.Release|x86.ActiveCfg = Release|Any CPU
		{1BCCDB9C-5612-4B4C-993D-8174BFF570C9}.Release|x86.Build.0 = Release|Any CPU
		{68F016F1-05CF-4CEF-BF51-85D9072FE382}.Debug|Any CPU.ActiveCfg = Debug|Any CPU
		{68F016F1-05CF-4CEF-BF51-85D9072FE382}.Debug|Any CPU.Build.0 = Debug|Any CPU
		{68F016F1-05CF-4CEF-BF51-85D9072FE382}.Debug|x64.ActiveCfg = Debug|Any CPU
		{68F016F1-05CF-4CEF-BF51-85D9072FE382}.Debug|x64.Build.0 = Debug|Any CPU
		{68F016F1-05CF-4CEF-BF51-85D9072FE382}.Debug|x86.ActiveCfg = Debug|Any CPU
		{68F016F1-05CF-4CEF-BF51-85D9072FE382}.Debug|x86.Build.0 = Debug|Any CPU
		{68F016F1-05CF-4CEF-BF51-85D9072FE382}.Release|Any CPU.ActiveCfg = Release|Any CPU
		{68F016F1-05CF-4CEF-BF51-85D9072FE382}.Release|Any CPU.Build.0 = Release|Any CPU
		{68F016F1-05CF-4CEF-BF51-85D9072FE382}.Release|x64.ActiveCfg = Release|Any CPU
		{68F016F1-05CF-4CEF-BF51-85D9072FE382}.Release|x64.Build.0 = Release|Any CPU
		{68F016F1-05CF-4CEF-BF51-85D9072FE382}.Release|x86.ActiveCfg = Release|Any CPU
		{68F016F1-05CF-4CEF-BF51-85D9072FE382}.Release|x86.Build.0 = Release|Any CPU
		{60217A37-20B3-4B91-AD8F-66EF1801FE43}.Debug|Any CPU.ActiveCfg = Debug|Any CPU
		{60217A37-20B3-4B91-AD8F-66EF1801FE43}.Debug|Any CPU.Build.0 = Debug|Any CPU
		{60217A37-20B3-4B91-AD8F-66EF1801FE43}.Debug|x64.ActiveCfg = Debug|Any CPU
		{60217A37-20B3-4B91-AD8F-66EF1801FE43}.Debug|x64.Build.0 = Debug|Any CPU
		{60217A37-20B3-4B91-AD8F-66EF1801FE43}.Debug|x86.ActiveCfg = Debug|Any CPU
		{60217A37-20B3-4B91-AD8F-66EF1801FE43}.Debug|x86.Build.0 = Debug|Any CPU
		{60217A37-20B3-4B91-AD8F-66EF1801FE43}.Release|Any CPU.ActiveCfg = Release|Any CPU
		{60217A37-20B3-4B91-AD8F-66EF1801FE43}.Release|Any CPU.Build.0 = Release|Any CPU
		{60217A37-20B3-4B91-AD8F-66EF1801FE43}.Release|x64.ActiveCfg = Release|Any CPU
		{60217A37-20B3-4B91-AD8F-66EF1801FE43}.Release|x64.Build.0 = Release|Any CPU
		{60217A37-20B3-4B91-AD8F-66EF1801FE43}.Release|x86.ActiveCfg = Release|Any CPU
		{60217A37-20B3-4B91-AD8F-66EF1801FE43}.Release|x86.Build.0 = Release|Any CPU
		{EF5671DB-D695-4F36-B646-E59B57520822}.Debug|Any CPU.ActiveCfg = Debug|Any CPU
		{EF5671DB-D695-4F36-B646-E59B57520822}.Debug|Any CPU.Build.0 = Debug|Any CPU
		{EF5671DB-D695-4F36-B646-E59B57520822}.Debug|x64.ActiveCfg = Debug|Any CPU
		{EF5671DB-D695-4F36-B646-E59B57520822}.Debug|x64.Build.0 = Debug|Any CPU
		{EF5671DB-D695-4F36-B646-E59B57520822}.Debug|x86.ActiveCfg = Debug|Any CPU
		{EF5671DB-D695-4F36-B646-E59B57520822}.Debug|x86.Build.0 = Debug|Any CPU
		{EF5671DB-D695-4F36-B646-E59B57520822}.Release|Any CPU.ActiveCfg = Release|Any CPU
		{EF5671DB-D695-4F36-B646-E59B57520822}.Release|Any CPU.Build.0 = Release|Any CPU
		{EF5671DB-D695-4F36-B646-E59B57520822}.Release|x64.ActiveCfg = Release|Any CPU
		{EF5671DB-D695-4F36-B646-E59B57520822}.Release|x64.Build.0 = Release|Any CPU
		{EF5671DB-D695-4F36-B646-E59B57520822}.Release|x86.ActiveCfg = Release|Any CPU
		{EF5671DB-D695-4F36-B646-E59B57520822}.Release|x86.Build.0 = Release|Any CPU
		{346B1F12-E3B7-45E2-9F09-CEC6FDA1800B}.Debug|Any CPU.ActiveCfg = Debug|Any CPU
		{346B1F12-E3B7-45E2-9F09-CEC6FDA1800B}.Debug|Any CPU.Build.0 = Debug|Any CPU
		{346B1F12-E3B7-45E2-9F09-CEC6FDA1800B}.Debug|x64.ActiveCfg = Debug|Any CPU
		{346B1F12-E3B7-45E2-9F09-CEC6FDA1800B}.Debug|x64.Build.0 = Debug|Any CPU
		{346B1F12-E3B7-45E2-9F09-CEC6FDA1800B}.Debug|x86.ActiveCfg = Debug|Any CPU
		{346B1F12-E3B7-45E2-9F09-CEC6FDA1800B}.Debug|x86.Build.0 = Debug|Any CPU
		{346B1F12-E3B7-45E2-9F09-CEC6FDA1800B}.Release|Any CPU.ActiveCfg = Release|Any CPU
		{346B1F12-E3B7-45E2-9F09-CEC6FDA1800B}.Release|Any CPU.Build.0 = Release|Any CPU
		{346B1F12-E3B7-45E2-9F09-CEC6FDA1800B}.Release|x64.ActiveCfg = Release|Any CPU
		{346B1F12-E3B7-45E2-9F09-CEC6FDA1800B}.Release|x64.Build.0 = Release|Any CPU
		{346B1F12-E3B7-45E2-9F09-CEC6FDA1800B}.Release|x86.ActiveCfg = Release|Any CPU
		{346B1F12-E3B7-45E2-9F09-CEC6FDA1800B}.Release|x86.Build.0 = Release|Any CPU
		{45497189-AE2E-4E08-AE8D-D8C3766C5EFE}.Debug|Any CPU.ActiveCfg = Debug|Any CPU
		{45497189-AE2E-4E08-AE8D-D8C3766C5EFE}.Debug|Any CPU.Build.0 = Debug|Any CPU
		{45497189-AE2E-4E08-AE8D-D8C3766C5EFE}.Debug|x64.ActiveCfg = Debug|Any CPU
		{45497189-AE2E-4E08-AE8D-D8C3766C5EFE}.Debug|x64.Build.0 = Debug|Any CPU
		{45497189-AE2E-4E08-AE8D-D8C3766C5EFE}.Debug|x86.ActiveCfg = Debug|Any CPU
		{45497189-AE2E-4E08-AE8D-D8C3766C5EFE}.Debug|x86.Build.0 = Debug|Any CPU
		{45497189-AE2E-4E08-AE8D-D8C3766C5EFE}.Release|Any CPU.ActiveCfg = Release|Any CPU
		{45497189-AE2E-4E08-AE8D-D8C3766C5EFE}.Release|Any CPU.Build.0 = Release|Any CPU
		{45497189-AE2E-4E08-AE8D-D8C3766C5EFE}.Release|x64.ActiveCfg = Release|Any CPU
		{45497189-AE2E-4E08-AE8D-D8C3766C5EFE}.Release|x64.Build.0 = Release|Any CPU
		{45497189-AE2E-4E08-AE8D-D8C3766C5EFE}.Release|x86.ActiveCfg = Release|Any CPU
		{45497189-AE2E-4E08-AE8D-D8C3766C5EFE}.Release|x86.Build.0 = Release|Any CPU
		{C287A079-67FF-4CE6-A224-2EBDD7F52160}.Debug|Any CPU.ActiveCfg = Debug|Any CPU
		{C287A079-67FF-4CE6-A224-2EBDD7F52160}.Debug|Any CPU.Build.0 = Debug|Any CPU
		{C287A079-67FF-4CE6-A224-2EBDD7F52160}.Debug|x64.ActiveCfg = Debug|Any CPU
		{C287A079-67FF-4CE6-A224-2EBDD7F52160}.Debug|x64.Build.0 = Debug|Any CPU
		{C287A079-67FF-4CE6-A224-2EBDD7F52160}.Debug|x86.ActiveCfg = Debug|Any CPU
		{C287A079-67FF-4CE6-A224-2EBDD7F52160}.Debug|x86.Build.0 = Debug|Any CPU
		{C287A079-67FF-4CE6-A224-2EBDD7F52160}.Release|Any CPU.ActiveCfg = Release|Any CPU
		{C287A079-67FF-4CE6-A224-2EBDD7F52160}.Release|Any CPU.Build.0 = Release|Any CPU
		{C287A079-67FF-4CE6-A224-2EBDD7F52160}.Release|x64.ActiveCfg = Release|Any CPU
		{C287A079-67FF-4CE6-A224-2EBDD7F52160}.Release|x64.Build.0 = Release|Any CPU
		{C287A079-67FF-4CE6-A224-2EBDD7F52160}.Release|x86.ActiveCfg = Release|Any CPU
		{C287A079-67FF-4CE6-A224-2EBDD7F52160}.Release|x86.Build.0 = Release|Any CPU
		{477060FC-BD69-4000-B772-43B99F1584FF}.Debug|Any CPU.ActiveCfg = Debug|Any CPU
		{477060FC-BD69-4000-B772-43B99F1584FF}.Debug|Any CPU.Build.0 = Debug|Any CPU
		{477060FC-BD69-4000-B772-43B99F1584FF}.Debug|x64.ActiveCfg = Debug|Any CPU
		{477060FC-BD69-4000-B772-43B99F1584FF}.Debug|x64.Build.0 = Debug|Any CPU
		{477060FC-BD69-4000-B772-43B99F1584FF}.Debug|x86.ActiveCfg = Debug|Any CPU
		{477060FC-BD69-4000-B772-43B99F1584FF}.Debug|x86.Build.0 = Debug|Any CPU
		{477060FC-BD69-4000-B772-43B99F1584FF}.Release|Any CPU.ActiveCfg = Release|Any CPU
		{477060FC-BD69-4000-B772-43B99F1584FF}.Release|Any CPU.Build.0 = Release|Any CPU
		{477060FC-BD69-4000-B772-43B99F1584FF}.Release|x64.ActiveCfg = Release|Any CPU
		{477060FC-BD69-4000-B772-43B99F1584FF}.Release|x64.Build.0 = Release|Any CPU
		{477060FC-BD69-4000-B772-43B99F1584FF}.Release|x86.ActiveCfg = Release|Any CPU
		{477060FC-BD69-4000-B772-43B99F1584FF}.Release|x86.Build.0 = Release|Any CPU
		{AD32CD7E-EDA0-4629-84A2-A0BB4CAFF55B}.Debug|Any CPU.ActiveCfg = Debug|Any CPU
		{AD32CD7E-EDA0-4629-84A2-A0BB4CAFF55B}.Debug|Any CPU.Build.0 = Debug|Any CPU
		{AD32CD7E-EDA0-4629-84A2-A0BB4CAFF55B}.Debug|x64.ActiveCfg = Debug|Any CPU
		{AD32CD7E-EDA0-4629-84A2-A0BB4CAFF55B}.Debug|x64.Build.0 = Debug|Any CPU
		{AD32CD7E-EDA0-4629-84A2-A0BB4CAFF55B}.Debug|x86.ActiveCfg = Debug|Any CPU
		{AD32CD7E-EDA0-4629-84A2-A0BB4CAFF55B}.Debug|x86.Build.0 = Debug|Any CPU
		{AD32CD7E-EDA0-4629-84A2-A0BB4CAFF55B}.Release|Any CPU.ActiveCfg = Release|Any CPU
		{AD32CD7E-EDA0-4629-84A2-A0BB4CAFF55B}.Release|Any CPU.Build.0 = Release|Any CPU
		{AD32CD7E-EDA0-4629-84A2-A0BB4CAFF55B}.Release|x64.ActiveCfg = Release|Any CPU
		{AD32CD7E-EDA0-4629-84A2-A0BB4CAFF55B}.Release|x64.Build.0 = Release|Any CPU
		{AD32CD7E-EDA0-4629-84A2-A0BB4CAFF55B}.Release|x86.ActiveCfg = Release|Any CPU
		{AD32CD7E-EDA0-4629-84A2-A0BB4CAFF55B}.Release|x86.Build.0 = Release|Any CPU
		{43C75C66-A926-49A0-AA99-53F8E2CE7B2C}.Debug|Any CPU.ActiveCfg = Debug|Any CPU
		{43C75C66-A926-49A0-AA99-53F8E2CE7B2C}.Debug|Any CPU.Build.0 = Debug|Any CPU
		{43C75C66-A926-49A0-AA99-53F8E2CE7B2C}.Debug|x64.ActiveCfg = Debug|Any CPU
		{43C75C66-A926-49A0-AA99-53F8E2CE7B2C}.Debug|x64.Build.0 = Debug|Any CPU
		{43C75C66-A926-49A0-AA99-53F8E2CE7B2C}.Debug|x86.ActiveCfg = Debug|Any CPU
		{43C75C66-A926-49A0-AA99-53F8E2CE7B2C}.Debug|x86.Build.0 = Debug|Any CPU
		{43C75C66-A926-49A0-AA99-53F8E2CE7B2C}.Release|Any CPU.ActiveCfg = Release|Any CPU
		{43C75C66-A926-49A0-AA99-53F8E2CE7B2C}.Release|Any CPU.Build.0 = Release|Any CPU
		{43C75C66-A926-49A0-AA99-53F8E2CE7B2C}.Release|x64.ActiveCfg = Release|Any CPU
		{43C75C66-A926-49A0-AA99-53F8E2CE7B2C}.Release|x64.Build.0 = Release|Any CPU
		{43C75C66-A926-49A0-AA99-53F8E2CE7B2C}.Release|x86.ActiveCfg = Release|Any CPU
		{43C75C66-A926-49A0-AA99-53F8E2CE7B2C}.Release|x86.Build.0 = Release|Any CPU
		{31A0D1D2-6014-49ED-BF8E-0E8C2801F3C4}.Debug|Any CPU.ActiveCfg = Debug|Any CPU
		{31A0D1D2-6014-49ED-BF8E-0E8C2801F3C4}.Debug|Any CPU.Build.0 = Debug|Any CPU
		{31A0D1D2-6014-49ED-BF8E-0E8C2801F3C4}.Debug|x64.ActiveCfg = Debug|Any CPU
		{31A0D1D2-6014-49ED-BF8E-0E8C2801F3C4}.Debug|x64.Build.0 = Debug|Any CPU
		{31A0D1D2-6014-49ED-BF8E-0E8C2801F3C4}.Debug|x86.ActiveCfg = Debug|Any CPU
		{31A0D1D2-6014-49ED-BF8E-0E8C2801F3C4}.Debug|x86.Build.0 = Debug|Any CPU
		{31A0D1D2-6014-49ED-BF8E-0E8C2801F3C4}.Release|Any CPU.ActiveCfg = Release|Any CPU
		{31A0D1D2-6014-49ED-BF8E-0E8C2801F3C4}.Release|Any CPU.Build.0 = Release|Any CPU
		{31A0D1D2-6014-49ED-BF8E-0E8C2801F3C4}.Release|x64.ActiveCfg = Release|Any CPU
		{31A0D1D2-6014-49ED-BF8E-0E8C2801F3C4}.Release|x64.Build.0 = Release|Any CPU
		{31A0D1D2-6014-49ED-BF8E-0E8C2801F3C4}.Release|x86.ActiveCfg = Release|Any CPU
		{31A0D1D2-6014-49ED-BF8E-0E8C2801F3C4}.Release|x86.Build.0 = Release|Any CPU
		{E875BFE9-BBCB-474D-9A6B-EAA44C2975EB}.Debug|Any CPU.ActiveCfg = Debug|Any CPU
		{E875BFE9-BBCB-474D-9A6B-EAA44C2975EB}.Debug|Any CPU.Build.0 = Debug|Any CPU
		{E875BFE9-BBCB-474D-9A6B-EAA44C2975EB}.Debug|x64.ActiveCfg = Debug|Any CPU
		{E875BFE9-BBCB-474D-9A6B-EAA44C2975EB}.Debug|x64.Build.0 = Debug|Any CPU
		{E875BFE9-BBCB-474D-9A6B-EAA44C2975EB}.Debug|x86.ActiveCfg = Debug|Any CPU
		{E875BFE9-BBCB-474D-9A6B-EAA44C2975EB}.Debug|x86.Build.0 = Debug|Any CPU
		{E875BFE9-BBCB-474D-9A6B-EAA44C2975EB}.Release|Any CPU.ActiveCfg = Release|Any CPU
		{E875BFE9-BBCB-474D-9A6B-EAA44C2975EB}.Release|Any CPU.Build.0 = Release|Any CPU
		{E875BFE9-BBCB-474D-9A6B-EAA44C2975EB}.Release|x64.ActiveCfg = Release|Any CPU
		{E875BFE9-BBCB-474D-9A6B-EAA44C2975EB}.Release|x64.Build.0 = Release|Any CPU
		{E875BFE9-BBCB-474D-9A6B-EAA44C2975EB}.Release|x86.ActiveCfg = Release|Any CPU
		{E875BFE9-BBCB-474D-9A6B-EAA44C2975EB}.Release|x86.Build.0 = Release|Any CPU
		{970C003F-5E26-44E2-A67F-74C8EADE385E}.Debug|Any CPU.ActiveCfg = Debug|Any CPU
		{970C003F-5E26-44E2-A67F-74C8EADE385E}.Debug|Any CPU.Build.0 = Debug|Any CPU
		{970C003F-5E26-44E2-A67F-74C8EADE385E}.Debug|x64.ActiveCfg = Debug|Any CPU
		{970C003F-5E26-44E2-A67F-74C8EADE385E}.Debug|x64.Build.0 = Debug|Any CPU
		{970C003F-5E26-44E2-A67F-74C8EADE385E}.Debug|x86.ActiveCfg = Debug|Any CPU
		{970C003F-5E26-44E2-A67F-74C8EADE385E}.Debug|x86.Build.0 = Debug|Any CPU
		{970C003F-5E26-44E2-A67F-74C8EADE385E}.Release|Any CPU.ActiveCfg = Release|Any CPU
		{970C003F-5E26-44E2-A67F-74C8EADE385E}.Release|Any CPU.Build.0 = Release|Any CPU
		{970C003F-5E26-44E2-A67F-74C8EADE385E}.Release|x64.ActiveCfg = Release|Any CPU
		{970C003F-5E26-44E2-A67F-74C8EADE385E}.Release|x64.Build.0 = Release|Any CPU
		{970C003F-5E26-44E2-A67F-74C8EADE385E}.Release|x86.ActiveCfg = Release|Any CPU
		{970C003F-5E26-44E2-A67F-74C8EADE385E}.Release|x86.Build.0 = Release|Any CPU
		{DF920EDD-2FB2-4902-8322-2F9818BDD285}.Debug|Any CPU.ActiveCfg = Debug|Any CPU
		{DF920EDD-2FB2-4902-8322-2F9818BDD285}.Debug|Any CPU.Build.0 = Debug|Any CPU
		{DF920EDD-2FB2-4902-8322-2F9818BDD285}.Debug|x64.ActiveCfg = Debug|Any CPU
		{DF920EDD-2FB2-4902-8322-2F9818BDD285}.Debug|x64.Build.0 = Debug|Any CPU
		{DF920EDD-2FB2-4902-8322-2F9818BDD285}.Debug|x86.ActiveCfg = Debug|Any CPU
		{DF920EDD-2FB2-4902-8322-2F9818BDD285}.Debug|x86.Build.0 = Debug|Any CPU
		{DF920EDD-2FB2-4902-8322-2F9818BDD285}.Release|Any CPU.ActiveCfg = Release|Any CPU
		{DF920EDD-2FB2-4902-8322-2F9818BDD285}.Release|Any CPU.Build.0 = Release|Any CPU
		{DF920EDD-2FB2-4902-8322-2F9818BDD285}.Release|x64.ActiveCfg = Release|Any CPU
		{DF920EDD-2FB2-4902-8322-2F9818BDD285}.Release|x64.Build.0 = Release|Any CPU
		{DF920EDD-2FB2-4902-8322-2F9818BDD285}.Release|x86.ActiveCfg = Release|Any CPU
		{DF920EDD-2FB2-4902-8322-2F9818BDD285}.Release|x86.Build.0 = Release|Any CPU
	EndGlobalSection
	GlobalSection(SolutionProperties) = preSolution
		HideSolutionNode = FALSE
	EndGlobalSection
	GlobalSection(NestedProjects) = preSolution
		{90298CBA-BD6F-3A0A-69D5-97CAD7B05E7E} = {827E0CD3-B72D-47B6-A68D-7590B98EB39B}
		{3F412AEA-49B5-46AD-B42C-946FB36CCD52} = {90298CBA-BD6F-3A0A-69D5-97CAD7B05E7E}
		{6A6AE507-B96D-4AC3-ACCD-5AA6C998ED89} = {90298CBA-BD6F-3A0A-69D5-97CAD7B05E7E}
		{8D951EA0-6713-4CF7-900F-2374C734BB5D} = {90298CBA-BD6F-3A0A-69D5-97CAD7B05E7E}
		{D25DFA09-0276-4FD1-A6DC-250DE4E09A53} = {90298CBA-BD6F-3A0A-69D5-97CAD7B05E7E}
		{34172D26-2B47-48F9-A0DD-B71D0E45B7E6} = {90298CBA-BD6F-3A0A-69D5-97CAD7B05E7E}
		{7E1A0B6D-DD03-448D-9668-6EB9812D0655} = {90298CBA-BD6F-3A0A-69D5-97CAD7B05E7E}
		{87655200-7136-4972-B337-94D39326EA1B} = {90298CBA-BD6F-3A0A-69D5-97CAD7B05E7E}
		{90BB3E20-669B-4DCC-A2E7-694E357C62D5} = {90298CBA-BD6F-3A0A-69D5-97CAD7B05E7E}
		{51224903-1D31-4184-A06D-5B815C471BBE} = {90298CBA-BD6F-3A0A-69D5-97CAD7B05E7E}
		{F53FABFF-E58B-4472-8971-17DF0587773B} = {90298CBA-BD6F-3A0A-69D5-97CAD7B05E7E}
		{E128873B-75F7-4817-90B0-8582103EFFED} = {0AB3BF05-4346-4AA6-1389-037BE0695223}
		{EC447DCF-ABFA-6E24-52A5-D7FD48A5C558} = {827E0CD3-B72D-47B6-A68D-7590B98EB39B}
		{9A17A796-4028-692F-8298-AED4AF521C85} = {EC447DCF-ABFA-6E24-52A5-D7FD48A5C558}
		{D14A92E0-5D0B-410F-8265-15C4B034E22A} = {9A17A796-4028-692F-8298-AED4AF521C85}
		{07D344B4-59F8-4237-A5B6-6A777C90ABC4} = {9A17A796-4028-692F-8298-AED4AF521C85}
		{E500B4DF-4151-46D6-A1B6-0E46873EA078} = {9A17A796-4028-692F-8298-AED4AF521C85}
		{41DF6EDD-4185-45C8-A3E5-6216463CCC0C} = {9A17A796-4028-692F-8298-AED4AF521C85}
		{9B22E42D-677F-4633-BD2E-1BA6F29BD6BD} = {0AB3BF05-4346-4AA6-1389-037BE0695223}
		{BAE0DD46-05B4-1976-AA64-09500AD50BDA} = {EC447DCF-ABFA-6E24-52A5-D7FD48A5C558}
		{1BB90F0E-4A26-43FB-93EC-A22060C9EDF6} = {BAE0DD46-05B4-1976-AA64-09500AD50BDA}
		{4CE5EC92-FC22-4178-866D-95807EF8CFA3} = {BAE0DD46-05B4-1976-AA64-09500AD50BDA}
		{424106B5-45B3-4FE3-9831-C5B808C16076} = {BAE0DD46-05B4-1976-AA64-09500AD50BDA}
		{EDE99A70-5A10-4067-B6BA-365F6A583AA6} = {0AB3BF05-4346-4AA6-1389-037BE0695223}
		{F0121E1F-7205-FE9B-956B-A5656DBCF787} = {827E0CD3-B72D-47B6-A68D-7590B98EB39B}
		{9ADCAD2B-188A-4A98-8FFC-99CF4A0E8F30} = {F0121E1F-7205-FE9B-956B-A5656DBCF787}
		{FE45DF42-D8D7-45CD-B8D1-C33B546F7130} = {F0121E1F-7205-FE9B-956B-A5656DBCF787}
		{9979A989-BCBF-408E-AA85-9F66BA3BAB29} = {F0121E1F-7205-FE9B-956B-A5656DBCF787}
		{40C641F7-5DF9-4B5E-978A-573C2368526B} = {F0121E1F-7205-FE9B-956B-A5656DBCF787}
		{3DEC91F4-059E-4CB3-A4CE-F2BD28CDFB2A} = {F0121E1F-7205-FE9B-956B-A5656DBCF787}
		{9889B151-64BD-4CD5-A9BB-F5E9F4B63071} = {0AB3BF05-4346-4AA6-1389-037BE0695223}
		{6FDB54B8-73D0-7269-6E77-B8ECD406ADFA} = {EC447DCF-ABFA-6E24-52A5-D7FD48A5C558}
		{5529B212-76F4-4627-B8D2-F93BD7971A55} = {6FDB54B8-73D0-7269-6E77-B8ECD406ADFA}
		{B0862520-6618-4E3B-8ED1-54949F5881C0} = {6FDB54B8-73D0-7269-6E77-B8ECD406ADFA}
		{4E798A1C-2E21-446A-90FD-DE8126C0974E} = {6FDB54B8-73D0-7269-6E77-B8ECD406ADFA}
		{54C9BD0D-B91C-45D6-9EB5-BE8A449A7DCE} = {6FDB54B8-73D0-7269-6E77-B8ECD406ADFA}
		{62030FFD-EBD3-49DC-B56F-2C971F2A249C} = {0AB3BF05-4346-4AA6-1389-037BE0695223}
		{18C073E0-6CB1-4693-3636-BFEE619A6192} = {EC447DCF-ABFA-6E24-52A5-D7FD48A5C558}
		{77E5CC00-BBBF-47C3-A58F-FB2F4C561B1C} = {18C073E0-6CB1-4693-3636-BFEE619A6192}
		{D63631A6-5480-4E45-961D-2E732090A6BD} = {18C073E0-6CB1-4693-3636-BFEE619A6192}
		{4EB0B70A-2448-4272-A3A0-336019A4E37F} = {18C073E0-6CB1-4693-3636-BFEE619A6192}
		{AD218160-8A2E-44E0-90B4-D1F6E1D11C02} = {18C073E0-6CB1-4693-3636-BFEE619A6192}
		{0DA19EE9-6B7C-4827-8B43-770E27BE792F} = {0AB3BF05-4346-4AA6-1389-037BE0695223}
		{1E8DB9DF-894C-46DB-7398-4694F78A2AE5} = {EC447DCF-ABFA-6E24-52A5-D7FD48A5C558}
		{FF535E30-0904-4167-BEE6-758424C244FF} = {1E8DB9DF-894C-46DB-7398-4694F78A2AE5}
		{1BCCDB9C-5612-4B4C-993D-8174BFF570C9} = {1E8DB9DF-894C-46DB-7398-4694F78A2AE5}
		{68F016F1-05CF-4CEF-BF51-85D9072FE382} = {1E8DB9DF-894C-46DB-7398-4694F78A2AE5}
		{60217A37-20B3-4B91-AD8F-66EF1801FE43} = {1E8DB9DF-894C-46DB-7398-4694F78A2AE5}
		{EF5671DB-D695-4F36-B646-E59B57520822} = {0AB3BF05-4346-4AA6-1389-037BE0695223}
		{CB089194-ED82-6F9A-F1CC-8C170A771951} = {EC447DCF-ABFA-6E24-52A5-D7FD48A5C558}
		{346B1F12-E3B7-45E2-9F09-CEC6FDA1800B} = {CB089194-ED82-6F9A-F1CC-8C170A771951}
		{45497189-AE2E-4E08-AE8D-D8C3766C5EFE} = {CB089194-ED82-6F9A-F1CC-8C170A771951}
		{C287A079-67FF-4CE6-A224-2EBDD7F52160} = {CB089194-ED82-6F9A-F1CC-8C170A771951}
		{477060FC-BD69-4000-B772-43B99F1584FF} = {CB089194-ED82-6F9A-F1CC-8C170A771951}
		{AD32CD7E-EDA0-4629-84A2-A0BB4CAFF55B} = {0AB3BF05-4346-4AA6-1389-037BE0695223}
		{4F8133DB-A301-0A1E-3DDE-929E67CC9B96} = {EC447DCF-ABFA-6E24-52A5-D7FD48A5C558}
		{43C75C66-A926-49A0-AA99-53F8E2CE7B2C} = {4F8133DB-A301-0A1E-3DDE-929E67CC9B96}
		{31A0D1D2-6014-49ED-BF8E-0E8C2801F3C4} = {4F8133DB-A301-0A1E-3DDE-929E67CC9B96}
		{E875BFE9-BBCB-474D-9A6B-EAA44C2975EB} = {4F8133DB-A301-0A1E-3DDE-929E67CC9B96}
		{970C003F-5E26-44E2-A67F-74C8EADE385E} = {4F8133DB-A301-0A1E-3DDE-929E67CC9B96}
		{DF920EDD-2FB2-4902-8322-2F9818BDD285} = {0AB3BF05-4346-4AA6-1389-037BE0695223}
	EndGlobalSection
EndGlobal
