
Microsoft Visual Studio Solution File, Format Version 12.00
# Visual Studio Version 17
VisualStudioVersion = 17.0.31903.59
MinimumVisualStudioVersion = 10.0.40219.1
Project("{2150E333-8FDC-42A3-9474-1A3956D46DE8}") = "src", "src", "{827E0CD3-B72D-47B6-A68D-7590B98EB39B}"
EndProject
Project("{2150E333-8FDC-42A3-9474-1A3956D46DE8}") = "BuildingBlocks", "BuildingBlocks", "{90298CBA-BD6F-3A0A-69D5-97CAD7B05E7E}"
EndProject
Project("{FAE04EC0-301F-11D3-BF4B-00C04F79EFBC}") = "Accountrack.SharedKernel", "src\BuildingBlocks\Accountrack.SharedKernel\Accountrack.SharedKernel.csproj", "{3F412AEA-49B5-46AD-B42C-946FB36CCD52}"
EndProject
Project("{FAE04EC0-301F-11D3-BF4B-00C04F79EFBC}") = "Accountrack.Application.Abstractions", "src\BuildingBlocks\Accountrack.Application.Abstractions\Accountrack.Application.Abstractions.csproj", "{6A6AE507-B96D-4AC3-ACCD-5AA6C998ED89}"
EndProject
Project("{FAE04EC0-301F-11D3-BF4B-00C04F79EFBC}") = "Accountrack.Infrastructure.Common", "src\BuildingBlocks\Accountrack.Infrastructure.Common\Accountrack.Infrastructure.Common.csproj", "{8D951EA0-6713-4CF7-900F-2374C734BB5D}"
EndProject
Project("{FAE04EC0-301F-11D3-BF4B-00C04F79EFBC}") = "Accountrack.Api", "src\Bootstrapper\Accountrack.Api\Accountrack.Api.csproj", "{D25DFA09-0276-4FD1-A6DC-250DE4E09A53}"
EndProject
Project("{FAE04EC0-301F-11D3-BF4B-00C04F79EFBC}") = "Accountrack.ArchitectureTests", "tests\Accountrack.ArchitectureTests\Accountrack.ArchitectureTests.csproj", "{34172D26-2B47-48F9-A0DD-B71D0E45B7E6}"
EndProject
Project("{FAE04EC0-301F-11D3-BF4B-00C04F79EFBC}") = "Accountrack.Web.Common", "src\BuildingBlocks\Accountrack.Web.Common\Accountrack.Web.Common.csproj", "{7E1A0B6D-DD03-448D-9668-6EB9812D0655}"
EndProject
Project("{FAE04EC0-301F-11D3-BF4B-00C04F79EFBC}") = "Accountrack.Identity.Domain", "src\Modules\Identity\Accountrack.Identity.Domain\Accountrack.Identity.Domain.csproj", "{87655200-7136-4972-B337-94D39326EA1B}"
EndProject
Project("{FAE04EC0-301F-11D3-BF4B-00C04F79EFBC}") = "Accountrack.Identity.Application", "src\Modules\Identity\Accountrack.Identity.Application\Accountrack.Identity.Application.csproj", "{90BB3E20-669B-4DCC-A2E7-694E357C62D5}"
EndProject
Project("{FAE04EC0-301F-11D3-BF4B-00C04F79EFBC}") = "Accountrack.Identity.Infrastructure", "src\Modules\Identity\Accountrack.Identity.Infrastructure\Accountrack.Identity.Infrastructure.csproj", "{51224903-1D31-4184-A06D-5B815C471BBE}"
EndProject
Project("{FAE04EC0-301F-11D3-BF4B-00C04F79EFBC}") = "Accountrack.Identity.Api", "src\Modules\Identity\Accountrack.Identity.Api\Accountrack.Identity.Api.csproj", "{F53FABFF-E58B-4472-8971-17DF0587773B}"
EndProject
Project("{2150E333-8FDC-42A3-9474-1A3956D46DE8}") = "tests", "tests", "{0AB3BF05-4346-4AA6-1389-037BE0695223}"
EndProject
Project("{FAE04EC0-301F-11D3-BF4B-00C04F79EFBC}") = "Accountrack.Identity.UnitTests", "tests\Accountrack.Identity.UnitTests\Accountrack.Identity.UnitTests.csproj", "{E128873B-75F7-4817-90B0-8582103EFFED}"
EndProject
Project("{2150E333-8FDC-42A3-9474-1A3956D46DE8}") = "Modules", "Modules", "{EC447DCF-ABFA-6E24-52A5-D7FD48A5C558}"
EndProject
Project("{2150E333-8FDC-42A3-9474-1A3956D46DE8}") = "CompanyManagement", "CompanyManagement", "{9A17A796-4028-692F-8298-AED4AF521C85}"
EndProject
Project("{FAE04EC0-301F-11D3-BF4B-00C04F79EFBC}") = "Accountrack.CompanyManagement.Domain", "src\Modules\CompanyManagement\Accountrack.CompanyManagement.Domain\Accountrack.CompanyManagement.Domain.csproj", "{D14A92E0-5D0B-410F-8265-15C4B034E22A}"
EndProject
Project("{FAE04EC0-301F-11D3-BF4B-00C04F79EFBC}") = "Accountrack.CompanyManagement.Application", "src\Modules\CompanyManagement\Accountrack.CompanyManagement.Application\Accountrack.CompanyManagement.Application.csproj", "{07D344B4-59F8-4237-A5B6-6A777C90ABC4}"
EndProject
Project("{FAE04EC0-301F-11D3-BF4B-00C04F79EFBC}") = "Accountrack.CompanyManagement.Infrastructure", "src\Modules\CompanyManagement\Accountrack.CompanyManagement.Infrastructure\Accountrack.CompanyManagement.Infrastructure.csproj", "{E500B4DF-4151-46D6-A1B6-0E46873EA078}"
EndProject
Project("{FAE04EC0-301F-11D3-BF4B-00C04F79EFBC}") = "Accountrack.CompanyManagement.Api", "src\Modules\CompanyManagement\Accountrack.CompanyManagement.Api\Accountrack.CompanyManagement.Api.csproj", "{41DF6EDD-4185-45C8-A3E5-6216463CCC0C}"
EndProject
Project("{FAE04EC0-301F-11D3-BF4B-00C04F79EFBC}") = "Accountrack.CompanyManagement.UnitTests", "tests\Accountrack.CompanyManagement.UnitTests\Accountrack.CompanyManagement.UnitTests.csproj", "{9B22E42D-677F-4633-BD2E-1BA6F29BD6BD}"
EndProject
Project("{2150E333-8FDC-42A3-9474-1A3956D46DE8}") = "AuditLog", "AuditLog", "{BAE0DD46-05B4-1976-AA64-09500AD50BDA}"
EndProject
Project("{FAE04EC0-301F-11D3-BF4B-00C04F79EFBC}") = "Accountrack.AuditLog.Application", "src\Modules\AuditLog\Accountrack.AuditLog.Application\Accountrack.AuditLog.Application.csproj", "{1BB90F0E-4A26-43FB-93EC-A22060C9EDF6}"
EndProject
Project("{FAE04EC0-301F-11D3-BF4B-00C04F79EFBC}") = "Accountrack.AuditLog.Infrastructure", "src\Modules\AuditLog\Accountrack.AuditLog.Infrastructure\Accountrack.AuditLog.Infrastructure.csproj", "{4CE5EC92-FC22-4178-866D-95807EF8CFA3}"
EndProject
Project("{FAE04EC0-301F-11D3-BF4B-00C04F79EFBC}") = "Accountrack.AuditLog.Api", "src\Modules\AuditLog\Accountrack.AuditLog.Api\Accountrack.AuditLog.Api.csproj", "{424106B5-45B3-4FE3-9831-C5B808C16076}"
EndProject
Project("{FAE04EC0-301F-11D3-BF4B-00C04F79EFBC}") = "Accountrack.AuditLog.UnitTests", "tests\Accountrack.AuditLog.UnitTests\Accountrack.AuditLog.UnitTests.csproj", "{EDE99A70-5A10-4067-B6BA-365F6A583AA6}"
EndProject
Global
	GlobalSection(SolutionConfigurationPlatforms) = preSolution
		Debug|Any CPU = Debug|Any CPU
		Debug|x64 = Debug|x64
		Debug|x86 = Debug|x86
		Release|Any CPU = Release|Any CPU
		Release|x64 = Release|x64
		Release|x86 = Release|x86
	EndGlobalSection
	GlobalSection(ProjectConfigurationPlatforms) = postSolution
		{3F412AEA-49B5-46AD-B42C-946FB36CCD52}.Debug|Any CPU.ActiveCfg = Debug|Any CPU
		{3F412AEA-49B5-46AD-B42C-946FB36CCD52}.Debug|Any CPU.Build.0 = Debug|Any CPU
		{3F412AEA-49B5-46AD-B42C-946FB36CCD52}.Debug|x64.ActiveCfg = Debug|Any CPU
		{3F412AEA-49B5-46AD-B42C-946FB36CCD52}.Debug|x64.Build.0 = Debug|Any CPU
		{3F412AEA-49B5-46AD-B42C-946FB36CCD52}.Debug|x86.ActiveCfg = Debug|Any CPU
		{3F412AEA-49B5-46AD-B42C-946FB36CCD52}.Debug|x86.Build.0 = Debug|Any CPU
		{3F412AEA-49B5-46AD-B42C-946FB36CCD52}.Release|Any CPU.ActiveCfg = Release|Any CPU
		{3F412AEA-49B5-46AD-B42C-946FB36CCD52}.Release|Any CPU.Build.0 = Release|Any CPU
		{3F412AEA-49B5-46AD-B42C-946FB36CCD52}.Release|x64.ActiveCfg = Release|Any CPU
		{3F412AEA-49B5-46AD-B42C-946FB36CCD52}.Release|x64.Build.0 = Release|Any CPU
		{3F412AEA-49B5-46AD-B42C-946FB36CCD52}.Release|x86.ActiveCfg = Release|Any CPU
		{3F412AEA-49B5-46AD-B42C-946FB36CCD52}.Release|x86.Build.0 = Release|Any CPU
		{6A6AE507-B96D-4AC3-ACCD-5AA6C998ED89}.Debug|Any CPU.ActiveCfg = Debug|Any CPU
		{6A6AE507-B96D-4AC3-ACCD-5AA6C998ED89}.Debug|Any CPU.Build.0 = Debug|Any CPU
		{6A6AE507-B96D-4AC3-ACCD-5AA6C998ED89}.Debug|x64.ActiveCfg = Debug|Any CPU
		{6A6AE507-B96D-4AC3-ACCD-5AA6C998ED89}.Debug|x64.Build.0 = Debug|Any CPU
		{6A6AE507-B96D-4AC3-ACCD-5AA6C998ED89}.Debug|x86.ActiveCfg = Debug|Any CPU
		{6A6AE507-B96D-4AC3-ACCD-5AA6C998ED89}.Debug|x86.Build.0 = Debug|Any CPU
		{6A6AE507-B96D-4AC3-ACCD-5AA6C998ED89}.Release|Any CPU.ActiveCfg = Release|Any CPU
		{6A6AE507-B96D-4AC3-ACCD-5AA6C998ED89}.Release|Any CPU.Build.0 = Release|Any CPU
		{6A6AE507-B96D-4AC3-ACCD-5AA6C998ED89}.Release|x64.ActiveCfg = Release|Any CPU
		{6A6AE507-B96D-4AC3-ACCD-5AA6C998ED89}.Release|x64.Build.0 = Release|Any CPU
		{6A6AE507-B96D-4AC3-ACCD-5AA6C998ED89}.Release|x86.ActiveCfg = Release|Any CPU
		{6A6AE507-B96D-4AC3-ACCD-5AA6C998ED89}.Release|x86.Build.0 = Release|Any CPU
		{8D951EA0-6713-4CF7-900F-2374C734BB5D}.Debug|Any CPU.ActiveCfg = Debug|Any CPU
		{8D951EA0-6713-4CF7-900F-2374C734BB5D}.Debug|Any CPU.Build.0 = Debug|Any CPU
		{8D951EA0-6713-4CF7-900F-2374C734BB5D}.Debug|x64.ActiveCfg = Debug|Any CPU
		{8D951EA0-6713-4CF7-900F-2374C734BB5D}.Debug|x64.Build.0 = Debug|Any CPU
		{8D951EA0-6713-4CF7-900F-2374C734BB5D}.Debug|x86.ActiveCfg = Debug|Any CPU
		{8D951EA0-6713-4CF7-900F-2374C734BB5D}.Debug|x86.Build.0 = Debug|Any CPU
		{8D951EA0-6713-4CF7-900F-2374C734BB5D}.Release|Any CPU.ActiveCfg = Release|Any CPU
		{8D951EA0-6713-4CF7-900F-2374C734BB5D}.Release|Any CPU.Build.0 = Release|Any CPU
		{8D951EA0-6713-4CF7-900F-2374C734BB5D}.Release|x64.ActiveCfg = Release|Any CPU
		{8D951EA0-6713-4CF7-900F-2374C734BB5D}.Release|x64.Build.0 = Release|Any CPU
		{8D951EA0-6713-4CF7-900F-2374C734BB5D}.Release|x86.ActiveCfg = Release|Any CPU
		{8D951EA0-6713-4CF7-900F-2374C734BB5D}.Release|x86.Build.0 = Release|Any CPU
		{D25DFA09-0276-4FD1-A6DC-250DE4E09A53}.Debug|Any CPU.ActiveCfg = Debug|Any CPU
		{D25DFA09-0276-4FD1-A6DC-250DE4E09A53}.Debug|Any CPU.Build.0 = Debug|Any CPU
		{D25DFA09-0276-4FD1-A6DC-250DE4E09A53}.Debug|x64.ActiveCfg = Debug|Any CPU
		{D25DFA09-0276-4FD1-A6DC-250DE4E09A53}.Debug|x64.Build.0 = Debug|Any CPU
		{D25DFA09-0276-4FD1-A6DC-250DE4E09A53}.Debug|x86.ActiveCfg = Debug|Any CPU
		{D25DFA09-0276-4FD1-A6DC-250DE4E09A53}.Debug|x86.Build.0 = Debug|Any CPU
		{D25DFA09-0276-4FD1-A6DC-250DE4E09A53}.Release|Any CPU.ActiveCfg = Release|Any CPU
		{D25DFA09-0276-4FD1-A6DC-250DE4E09A53}.Release|Any CPU.Build.0 = Release|Any CPU
		{D25DFA09-0276-4FD1-A6DC-250DE4E09A53}.Release|x64.ActiveCfg = Release|Any CPU
		{D25DFA09-0276-4FD1-A6DC-250DE4E09A53}.Release|x64.Build.0 = Release|Any CPU
		{D25DFA09-0276-4FD1-A6DC-250DE4E09A53}.Release|x86.ActiveCfg = Release|Any CPU
		{D25DFA09-0276-4FD1-A6DC-250DE4E09A53}.Release|x86.Build.0 = Release|Any CPU
		{34172D26-2B47-48F9-A0DD-B71D0E45B7E6}.Debug|Any CPU.ActiveCfg = Debug|Any CPU
		{34172D26-2B47-48F9-A0DD-B71D0E45B7E6}.Debug|Any CPU.Build.0 = Debug|Any CPU
		{34172D26-2B47-48F9-A0DD-B71D0E45B7E6}.Debug|x64.ActiveCfg = Debug|Any CPU
		{34172D26-2B47-48F9-A0DD-B71D0E45B7E6}.Debug|x64.Build.0 = Debug|Any CPU
		{34172D26-2B47-48F9-A0DD-B71D0E45B7E6}.Debug|x86.ActiveCfg = Debug|Any CPU
		{34172D26-2B47-48F9-A0DD-B71D0E45B7E6}.Debug|x86.Build.0 = Debug|Any CPU
		{34172D26-2B47-48F9-A0DD-B71D0E45B7E6}.Release|Any CPU.ActiveCfg = Release|Any CPU
		{34172D26-2B47-48F9-A0DD-B71D0E45B7E6}.Release|Any CPU.Build.0 = Release|Any CPU
		{34172D26-2B47-48F9-A0DD-B71D0E45B7E6}.Release|x64.ActiveCfg = Release|Any CPU
		{34172D26-2B47-48F9-A0DD-B71D0E45B7E6}.Release|x64.Build.0 = Release|Any CPU
		{34172D26-2B47-48F9-A0DD-B71D0E45B7E6}.Release|x86.ActiveCfg = Release|Any CPU
		{34172D26-2B47-48F9-A0DD-B71D0E45B7E6}.Release|x86.Build.0 = Release|Any CPU
		{7E1A0B6D-DD03-448D-9668-6EB9812D0655}.Debug|Any CPU.ActiveCfg = Debug|Any CPU
		{7E1A0B6D-DD03-448D-9668-6EB9812D0655}.Debug|Any CPU.Build.0 = Debug|Any CPU
		{7E1A0B6D-DD03-448D-9668-6EB9812D0655}.Debug|x64.ActiveCfg = Debug|Any CPU
		{7E1A0B6D-DD03-448D-9668-6EB9812D0655}.Debug|x64.Build.0 = Debug|Any CPU
		{7E1A0B6D-DD03-448D-9668-6EB9812D0655}.Debug|x86.ActiveCfg = Debug|Any CPU
		{7E1A0B6D-DD03-448D-9668-6EB9812D0655}.Debug|x86.Build.0 = Debug|Any CPU
		{7E1A0B6D-DD03-448D-9668-6EB9812D0655}.Release|Any CPU.ActiveCfg = Release|Any CPU
		{7E1A0B6D-DD03-448D-9668-6EB9812D0655}.Release|Any CPU.Build.0 = Release|Any CPU
		{7E1A0B6D-DD03-448D-9668-6EB9812D0655}.Release|x64.ActiveCfg = Release|Any CPU
		{7E1A0B6D-DD03-448D-9668-6EB9812D0655}.Release|x64.Build.0 = Release|Any CPU
		{7E1A0B6D-DD03-448D-9668-6EB9812D0655}.Release|x86.ActiveCfg = Release|Any CPU
		{7E1A0B6D-DD03-448D-9668-6EB9812D0655}.Release|x86.Build.0 = Release|Any CPU
		{87655200-7136-4972-B337-94D39326EA1B}.Debug|Any CPU.ActiveCfg = Debug|Any CPU
		{87655200-7136-4972-B337-94D39326EA1B}.Debug|Any CPU.Build.0 = Debug|Any CPU
		{87655200-7136-4972-B337-94D39326EA1B}.Debug|x64.ActiveCfg = Debug|Any CPU
		{87655200-7136-4972-B337-94D39326EA1B}.Debug|x64.Build.0 = Debug|Any CPU
		{87655200-7136-4972-B337-94D39326EA1B}.Debug|x86.ActiveCfg = Debug|Any CPU
		{87655200-7136-4972-B337-94D39326EA1B}.Debug|x86.Build.0 = Debug|Any CPU
		{87655200-7136-4972-B337-94D39326EA1B}.Release|Any CPU.ActiveCfg = Release|Any CPU
		{87655200-7136-4972-B337-94D39326EA1B}.Release|Any CPU.Build.0 = Release|Any CPU
		{87655200-7136-4972-B337-94D39326EA1B}.Release|x64.ActiveCfg = Release|Any CPU
		{87655200-7136-4972-B337-94D39326EA1B}.Release|x64.Build.0 = Release|Any CPU
		{87655200-7136-4972-B337-94D39326EA1B}.Release|x86.ActiveCfg = Release|Any CPU
		{87655200-7136-4972-B337-94D39326EA1B}.Release|x86.Build.0 = Release|Any CPU
		{90BB3E20-669B-4DCC-A2E7-694E357C62D5}.Debug|Any CPU.ActiveCfg = Debug|Any CPU
		{90BB3E20-669B-4DCC-A2E7-694E357C62D5}.Debug|Any CPU.Build.0 = Debug|Any CPU
		{90BB3E20-669B-4DCC-A2E7-694E357C62D5}.Debug|x64.ActiveCfg = Debug|Any CPU
		{90BB3E20-669B-4DCC-A2E7-694E357C62D5}.Debug|x64.Build.0 = Debug|Any CPU
		{90BB3E20-669B-4DCC-A2E7-694E357C62D5}.Debug|x86.ActiveCfg = Debug|Any CPU
		{90BB3E20-669B-4DCC-A2E7-694E357C62D5}.Debug|x86.Build.0 = Debug|Any CPU
		{90BB3E20-669B-4DCC-A2E7-694E357C62D5}.Release|Any CPU.ActiveCfg = Release|Any CPU
		{90BB3E20-669B-4DCC-A2E7-694E357C62D5}.Release|Any CPU.Build.0 = Release|Any CPU
		{90BB3E20-669B-4DCC-A2E7-694E357C62D5}.Release|x64.ActiveCfg = Release|Any CPU
		{90BB3E20-669B-4DCC-A2E7-694E357C62D5}.Release|x64.Build.0 = Release|Any CPU
		{90BB3E20-669B-4DCC-A2E7-694E357C62D5}.Release|x86.ActiveCfg = Release|Any CPU
		{90BB3E20-669B-4DCC-A2E7-694E357C62D5}.Release|x86.Build.0 = Release|Any CPU
		{51224903-1D31-4184-A06D-5B815C471BBE}.Debug|Any CPU.ActiveCfg = Debug|Any CPU
		{51224903-1D31-4184-A06D-5B815C471BBE}.Debug|Any CPU.Build.0 = Debug|Any CPU
		{51224903-1D31-4184-A06D-5B815C471BBE}.Debug|x64.ActiveCfg = Debug|Any CPU
		{51224903-1D31-4184-A06D-5B815C471BBE}.Debug|x64.Build.0 = Debug|Any CPU
		{51224903-1D31-4184-A06D-5B815C471BBE}.Debug|x86.ActiveCfg = Debug|Any CPU
		{51224903-1D31-4184-A06D-5B815C471BBE}.Debug|x86.Build.0 = Debug|Any CPU
		{51224903-1D31-4184-A06D-5B815C471BBE}.Release|Any CPU.ActiveCfg = Release|Any CPU
		{51224903-1D31-4184-A06D-5B815C471BBE}.Release|Any CPU.Build.0 = Release|Any CPU
		{51224903-1D31-4184-A06D-5B815C471BBE}.Release|x64.ActiveCfg = Release|Any CPU
		{51224903-1D31-4184-A06D-5B815C471BBE}.Release|x64.Build.0 = Release|Any CPU
		{51224903-1D31-4184-A06D-5B815C471BBE}.Release|x86.ActiveCfg = Release|Any CPU
		{51224903-1D31-4184-A06D-5B815C471BBE}.Release|x86.Build.0 = Release|Any CPU
		{F53FABFF-E58B-4472-8971-17DF0587773B}.Debug|Any CPU.ActiveCfg = Debug|Any CPU
		{F53FABFF-E58B-4472-8971-17DF0587773B}.Debug|Any CPU.Build.0 = Debug|Any CPU
		{F53FABFF-E58B-4472-8971-17DF0587773B}.Debug|x64.ActiveCfg = Debug|Any CPU
		{F53FABFF-E58B-4472-8971-17DF0587773B}.Debug|x64.Build.0 = Debug|Any CPU
		{F53FABFF-E58B-4472-8971-17DF0587773B}.Debug|x86.ActiveCfg = Debug|Any CPU
		{F53FABFF-E58B-4472-8971-17DF0587773B}.Debug|x86.Build.0 = Debug|Any CPU
		{F53FABFF-E58B-4472-8971-17DF0587773B}.Release|Any CPU.ActiveCfg = Release|Any CPU
		{F53FABFF-E58B-4472-8971-17DF0587773B}.Release|Any CPU.Build.0 = Release|Any CPU
		{F53FABFF-E58B-4472-8971-17DF0587773B}.Release|x64.ActiveCfg = Release|Any CPU
		{F53FABFF-E58B-4472-8971-17DF0587773B}.Release|x64.Build.0 = Release|Any CPU
		{F53FABFF-E58B-4472-8971-17DF0587773B}.Release|x86.ActiveCfg = Release|Any CPU
		{F53FABFF-E58B-4472-8971-17DF0587773B}.Release|x86.Build.0 = Release|Any CPU
		{E128873B-75F7-4817-90B0-8582103EFFED}.Debug|Any CPU.ActiveCfg = Debug|Any CPU
		{E128873B-75F7-4817-90B0-8582103EFFED}.Debug|Any CPU.Build.0 = Debug|Any CPU
		{E128873B-75F7-4817-90B0-8582103EFFED}.Debug|x64.ActiveCfg = Debug|Any CPU
		{E128873B-75F7-4817-90B0-8582103EFFED}.Debug|x64.Build.0 = Debug|Any CPU
		{E128873B-75F7-4817-90B0-8582103EFFED}.Debug|x86.ActiveCfg = Debug|Any CPU
		{E128873B-75F7-4817-90B0-8582103EFFED}.Debug|x86.Build.0 = Debug|Any CPU
		{E128873B-75F7-4817-90B0-8582103EFFED}.Release|Any CPU.ActiveCfg = Release|Any CPU
		{E128873B-75F7-4817-90B0-8582103EFFED}.Release|Any CPU.Build.0 = Release|Any CPU
		{E128873B-75F7-4817-90B0-8582103EFFED}.Release|x64.ActiveCfg = Release|Any CPU
		{E128873B-75F7-4817-90B0-8582103EFFED}.Release|x64.Build.0 = Release|Any CPU
		{E128873B-75F7-4817-90B0-8582103EFFED}.Release|x86.ActiveCfg = Release|Any CPU
		{E128873B-75F7-4817-90B0-8582103EFFED}.Release|x86.Build.0 = Release|Any CPU
		{D14A92E0-5D0B-410F-8265-15C4B034E22A}.Debug|Any CPU.ActiveCfg = Debug|Any CPU
		{D14A92E0-5D0B-410F-8265-15C4B034E22A}.Debug|Any CPU.Build.0 = Debug|Any CPU
		{D14A92E0-5D0B-410F-8265-15C4B034E22A}.Debug|x64.ActiveCfg = Debug|Any CPU
		{D14A92E0-5D0B-410F-8265-15C4B034E22A}.Debug|x64.Build.0 = Debug|Any CPU
		{D14A92E0-5D0B-410F-8265-15C4B034E22A}.Debug|x86.ActiveCfg = Debug|Any CPU
		{D14A92E0-5D0B-410F-8265-15C4B034E22A}.Debug|x86.Build.0 = Debug|Any CPU
		{D14A92E0-5D0B-410F-8265-15C4B034E22A}.Release|Any CPU.ActiveCfg = Release|Any CPU
		{D14A92E0-5D0B-410F-8265-15C4B034E22A}.Release|Any CPU.Build.0 = Release|Any CPU
		{D14A92E0-5D0B-410F-8265-15C4B034E22A}.Release|x64.ActiveCfg = Release|Any CPU
		{D14A92E0-5D0B-410F-8265-15C4B034E22A}.Release|x64.Build.0 = Release|Any CPU
		{D14A92E0-5D0B-410F-8265-15C4B034E22A}.Release|x86.ActiveCfg = Release|Any CPU
		{D14A92E0-5D0B-410F-8265-15C4B034E22A}.Release|x86.Build.0 = Release|Any CPU
		{07D344B4-59F8-4237-A5B6-6A777C90ABC4}.Debug|Any CPU.ActiveCfg = Debug|Any CPU
		{07D344B4-59F8-4237-A5B6-6A777C90ABC4}.Debug|Any CPU.Build.0 = Debug|Any CPU
		{07D344B4-59F8-4237-A5B6-6A777C90ABC4}.Debug|x64.ActiveCfg = Debug|Any CPU
		{07D344B4-59F8-4237-A5B6-6A777C90ABC4}.Debug|x64.Build.0 = Debug|Any CPU
		{07D344B4-59F8-4237-A5B6-6A777C90ABC4}.Debug|x86.ActiveCfg = Debug|Any CPU
		{07D344B4-59F8-4237-A5B6-6A777C90ABC4}.Debug|x86.Build.0 = Debug|Any CPU
		{07D344B4-59F8-4237-A5B6-6A777C90ABC4}.Release|Any CPU.ActiveCfg = Release|Any CPU
		{07D344B4-59F8-4237-A5B6-6A777C90ABC4}.Release|Any CPU.Build.0 = Release|Any CPU
		{07D344B4-59F8-4237-A5B6-6A777C90ABC4}.Release|x64.ActiveCfg = Release|Any CPU
		{07D344B4-59F8-4237-A5B6-6A777C90ABC4}.Release|x64.Build.0 = Release|Any CPU
		{07D344B4-59F8-4237-A5B6-6A777C90ABC4}.Release|x86.ActiveCfg = Release|Any CPU
		{07D344B4-59F8-4237-A5B6-6A777C90ABC4}.Release|x86.Build.0 = Release|Any CPU
		{E500B4DF-4151-46D6-A1B6-0E46873EA078}.Debug|Any CPU.ActiveCfg = Debug|Any CPU
		{E500B4DF-4151-46D6-A1B6-0E46873EA078}.Debug|Any CPU.Build.0 = Debug|Any CPU
		{E500B4DF-4151-46D6-A1B6-0E46873EA078}.Debug|x64.ActiveCfg = Debug|Any CPU
		{E500B4DF-4151-46D6-A1B6-0E46873EA078}.Debug|x64.Build.0 = Debug|Any CPU
		{E500B4DF-4151-46D6-A1B6-0E46873EA078}.Debug|x86.ActiveCfg = Debug|Any CPU
		{E500B4DF-4151-46D6-A1B6-0E46873EA078}.Debug|x86.Build.0 = Debug|Any CPU
		{E500B4DF-4151-46D6-A1B6-0E46873EA078}.Release|Any CPU.ActiveCfg = Release|Any CPU
		{E500B4DF-4151-46D6-A1B6-0E46873EA078}.Release|Any CPU.Build.0 = Release|Any CPU
		{E500B4DF-4151-46D6-A1B6-0E46873EA078}.Release|x64.ActiveCfg = Release|Any CPU
		{E500B4DF-4151-46D6-A1B6-0E46873EA078}.Release|x64.Build.0 = Release|Any CPU
		{E500B4DF-4151-46D6-A1B6-0E46873EA078}.Release|x86.ActiveCfg = Release|Any CPU
		{E500B4DF-4151-46D6-A1B6-0E46873EA078}.Release|x86.Build.0 = Release|Any CPU
		{41DF6EDD-4185-45C8-A3E5-6216463CCC0C}.Debug|Any CPU.ActiveCfg = Debug|Any CPU
		{41DF6EDD-4185-45C8-A3E5-6216463CCC0C}.Debug|Any CPU.Build.0 = Debug|Any CPU
		{41DF6EDD-4185-45C8-A3E5-6216463CCC0C}.Debug|x64.ActiveCfg = Debug|Any CPU
		{41DF6EDD-4185-45C8-A3E5-6216463CCC0C}.Debug|x64.Build.0 = Debug|Any CPU
		{41DF6EDD-4185-45C8-A3E5-6216463CCC0C}.Debug|x86.ActiveCfg = Debug|Any CPU
		{41DF6EDD-4185-45C8-A3E5-6216463CCC0C}.Debug|x86.Build.0 = Debug|Any CPU
		{41DF6EDD-4185-45C8-A3E5-6216463CCC0C}.Release|Any CPU.ActiveCfg = Release|Any CPU
		{41DF6EDD-4185-45C8-A3E5-6216463CCC0C}.Release|Any CPU.Build.0 = Release|Any CPU
		{41DF6EDD-4185-45C8-A3E5-6216463CCC0C}.Release|x64.ActiveCfg = Release|Any CPU
		{41DF6EDD-4185-45C8-A3E5-6216463CCC0C}.Release|x64.Build.0 = Release|Any CPU
		{41DF6EDD-4185-45C8-A3E5-6216463CCC0C}.Release|x86.ActiveCfg = Release|Any CPU
		{41DF6EDD-4185-45C8-A3E5-6216463CCC0C}.Release|x86.Build.0 = Release|Any CPU
		{9B22E42D-677F-4633-BD2E-1BA6F29BD6BD}.Debug|Any CPU.ActiveCfg = Debug|Any CPU
		{9B22E42D-677F-4633-BD2E-1BA6F29BD6BD}.Debug|Any CPU.Build.0 = Debug|Any CPU
		{9B22E42D-677F-4633-BD2E-1BA6F29BD6BD}.Debug|x64.ActiveCfg = Debug|Any CPU
		{9B22E42D-677F-4633-BD2E-1BA6F29BD6BD}.Debug|x64.Build.0 = Debug|Any CPU
		{9B22E42D-677F-4633-BD2E-1BA6F29BD6BD}.Debug|x86.ActiveCfg = Debug|Any CPU
		{9B22E42D-677F-4633-BD2E-1BA6F29BD6BD}.Debug|x86.Build.0 = Debug|Any CPU
		{9B22E42D-677F-4633-BD2E-1BA6F29BD6BD}.Release|Any CPU.ActiveCfg = Release|Any CPU
		{9B22E42D-677F-4633-BD2E-1BA6F29BD6BD}.Release|Any CPU.Build.0 = Release|Any CPU
		{9B22E42D-677F-4633-BD2E-1BA6F29BD6BD}.Release|x64.ActiveCfg = Release|Any CPU
		{9B22E42D-677F-4633-BD2E-1BA6F29BD6BD}.Release|x64.Build.0 = Release|Any CPU
		{9B22E42D-677F-4633-BD2E-1BA6F29BD6BD}.Release|x86.ActiveCfg = Release|Any CPU
		{9B22E42D-677F-4633-BD2E-1BA6F29BD6BD}.Release|x86.Build.0 = Release|Any CPU
		{1BB90F0E-4A26-43FB-93EC-A22060C9EDF6}.Debug|Any CPU.ActiveCfg = Debug|Any CPU
		{1BB90F0E-4A26-43FB-93EC-A22060C9EDF6}.Debug|Any CPU.Build.0 = Debug|Any CPU
		{1BB90F0E-4A26-43FB-93EC-A22060C9EDF6}.Debug|x64.ActiveCfg = Debug|Any CPU
		{1BB90F0E-4A26-43FB-93EC-A22060C9EDF6}.Debug|x64.Build.0 = Debug|Any CPU
		{1BB90F0E-4A26-43FB-93EC-A22060C9EDF6}.Debug|x86.ActiveCfg = Debug|Any CPU
		{1BB90F0E-4A26-43FB-93EC-A22060C9EDF6}.Debug|x86.Build.0 = Debug|Any CPU
		{1BB90F0E-4A26-43FB-93EC-A22060C9EDF6}.Release|Any CPU.ActiveCfg = Release|Any CPU
		{1BB90F0E-4A26-43FB-93EC-A22060C9EDF6}.Release|Any CPU.Build.0 = Release|Any CPU
		{1BB90F0E-4A26-43FB-93EC-A22060C9EDF6}.Release|x64.ActiveCfg = Release|Any CPU
		{1BB90F0E-4A26-43FB-93EC-A22060C9EDF6}.Release|x64.Build.0 = Release|Any CPU
		{1BB90F0E-4A26-43FB-93EC-A22060C9EDF6}.Release|x86.ActiveCfg = Release|Any CPU
		{1BB90F0E-4A26-43FB-93EC-A22060C9EDF6}.Release|x86.Build.0 = Release|Any CPU
		{4CE5EC92-FC22-4178-866D-95807EF8CFA3}.Debug|Any CPU.ActiveCfg = Debug|Any CPU
		{4CE5EC92-FC22-4178-866D-95807EF8CFA3}.Debug|Any CPU.Build.0 = Debug|Any CPU
		{4CE5EC92-FC22-4178-866D-95807EF8CFA3}.Debug|x64.ActiveCfg = Debug|Any CPU
		{4CE5EC92-FC22-4178-866D-95807EF8CFA3}.Debug|x64.Build.0 = Debug|Any CPU
		{4CE5EC92-FC22-4178-866D-95807EF8CFA3}.Debug|x86.ActiveCfg = Debug|Any CPU
		{4CE5EC92-FC22-4178-866D-95807EF8CFA3}.Debug|x86.Build.0 = Debug|Any CPU
		{4CE5EC92-FC22-4178-866D-95807EF8CFA3}.Release|Any CPU.ActiveCfg = Release|Any CPU
		{4CE5EC92-FC22-4178-866D-95807EF8CFA3}.Release|Any CPU.Build.0 = Release|Any CPU
		{4CE5EC92-FC22-4178-866D-95807EF8CFA3}.Release|x64.ActiveCfg = Release|Any CPU
		{4CE5EC92-FC22-4178-866D-95807EF8CFA3}.Release|x64.Build.0 = Release|Any CPU
		{4CE5EC92-FC22-4178-866D-95807EF8CFA3}.Release|x86.ActiveCfg = Release|Any CPU
		{4CE5EC92-FC22-4178-866D-95807EF8CFA3}.Release|x86.Build.0 = Release|Any CPU
		{424106B5-45B3-4FE3-9831-C5B808C16076}.Debug|Any CPU.ActiveCfg = Debug|Any CPU
		{424106B5-45B3-4FE3-9831-C5B808C16076}.Debug|Any CPU.Build.0 = Debug|Any CPU
		{424106B5-45B3-4FE3-9831-C5B808C16076}.Debug|x64.ActiveCfg = Debug|Any CPU
		{424106B5-45B3-4FE3-9831-C5B808C16076}.Debug|x64.Build.0 = Debug|Any CPU
		{424106B5-45B3-4FE3-9831-C5B808C16076}.Debug|x86.ActiveCfg = Debug|Any CPU
		{424106B5-45B3-4FE3-9831-C5B808C16076}.Debug|x86.Build.0 = Debug|Any CPU
		{424106B5-45B3-4FE3-9831-C5B808C16076}.Release|Any CPU.ActiveCfg = Release|Any CPU
		{424106B5-45B3-4FE3-9831-C5B808C16076}.Release|Any CPU.Build.0 = Release|Any CPU
		{424106B5-45B3-4FE3-9831-C5B808C16076}.Release|x64.ActiveCfg = Release|Any CPU
		{424106B5-45B3-4FE3-9831-C5B808C16076}.Release|x64.Build.0 = Release|Any CPU
		{424106B5-45B3-4FE3-9831-C5B808C16076}.Release|x86.ActiveCfg = Release|Any CPU
		{424106B5-45B3-4FE3-9831-C5B808C16076}.Release|x86.Build.0 = Release|Any CPU
		{EDE99A70-5A10-4067-B6BA-365F6A583AA6}.Debug|Any CPU.ActiveCfg = Debug|Any CPU
		{EDE99A70-5A10-4067-B6BA-365F6A583AA6}.Debug|Any CPU.Build.0 = Debug|Any CPU
		{EDE99A70-5A10-4067-B6BA-365F6A583AA6}.Debug|x64.ActiveCfg = Debug|Any CPU
		{EDE99A70-5A10-4067-B6BA-365F6A583AA6}.Debug|x64.Build.0 = Debug|Any CPU
		{EDE99A70-5A10-4067-B6BA-365F6A583AA6}.Debug|x86.ActiveCfg = Debug|Any CPU
		{EDE99A70-5A10-4067-B6BA-365F6A583AA6}.Debug|x86.Build.0 = Debug|Any CPU
		{EDE99A70-5A10-4067-B6BA-365F6A583AA6}.Release|Any CPU.ActiveCfg = Release|Any CPU
		{EDE99A70-5A10-4067-B6BA-365F6A583AA6}.Release|Any CPU.Build.0 = Release|Any CPU
		{EDE99A70-5A10-4067-B6BA-365F6A583AA6}.Release|x64.ActiveCfg = Release|Any CPU
		{EDE99A70-5A10-4067-B6BA-365F6A583AA6}.Release|x64.Build.0 = Release|Any CPU
		{EDE99A70-5A10-4067-B6BA-365F6A583AA6}.Release|x86.ActiveCfg = Release|Any CPU
		{EDE99A70-5A10-4067-B6BA-365F6A583AA6}.Release|x86.Build.0 = Release|Any CPU
	EndGlobalSection
	GlobalSection(SolutionProperties) = preSolution
		HideSolutionNode = FALSE
	EndGlobalSection
	GlobalSection(NestedProjects) = preSolution
		{90298CBA-BD6F-3A0A-69D5-97CAD7B05E7E} = {827E0CD3-B72D-47B6-A68D-7590B98EB39B}
		{3F412AEA-49B5-46AD-B42C-946FB36CCD52} = {90298CBA-BD6F-3A0A-69D5-97CAD7B05E7E}
		{6A6AE507-B96D-4AC3-ACCD-5AA6C998ED89} = {90298CBA-BD6F-3A0A-69D5-97CAD7B05E7E}
		{8D951EA0-6713-4CF7-900F-2374C734BB5D} = {90298CBA-BD6F-3A0A-69D5-97CAD7B05E7E}
		{D25DFA09-0276-4FD1-A6DC-250DE4E09A53} = {90298CBA-BD6F-3A0A-69D5-97CAD7B05E7E}
		{34172D26-2B47-48F9-A0DD-B71D0E45B7E6} = {90298CBA-BD6F-3A0A-69D5-97CAD7B05E7E}
		{7E1A0B6D-DD03-448D-9668-6EB9812D0655} = {90298CBA-BD6F-3A0A-69D5-97CAD7B05E7E}
		{87655200-7136-4972-B337-94D39326EA1B} = {90298CBA-BD6F-3A0A-69D5-97CAD7B05E7E}
		{90BB3E20-669B-4DCC-A2E7-694E357C62D5} = {90298CBA-BD6F-3A0A-69D5-97CAD7B05E7E}
		{51224903-1D31-4184-A06D-5B815C471BBE} = {90298CBA-BD6F-3A0A-69D5-97CAD7B05E7E}
		{F53FABFF-E58B-4472-8971-17DF0587773B} = {90298CBA-BD6F-3A0A-69D5-97CAD7B05E7E}
		{E128873B-75F7-4817-90B0-8582103EFFED} = {0AB3BF05-4346-4AA6-1389-037BE0695223}
		{EC447DCF-ABFA-6E24-52A5-D7FD48A5C558} = {827E0CD3-B72D-47B6-A68D-7590B98EB39B}
		{9A17A796-4028-692F-8298-AED4AF521C85} = {EC447DCF-ABFA-6E24-52A5-D7FD48A5C558}
		{D14A92E0-5D0B-410F-8265-15C4B034E22A} = {9A17A796-4028-692F-8298-AED4AF521C85}
		{07D344B4-59F8-4237-A5B6-6A777C90ABC4} = {9A17A796-4028-692F-8298-AED4AF521C85}
		{E500B4DF-4151-46D6-A1B6-0E46873EA078} = {9A17A796-4028-692F-8298-AED4AF521C85}
		{41DF6EDD-4185-45C8-A3E5-6216463CCC0C} = {9A17A796-4028-692F-8298-AED4AF521C85}
		{9B22E42D-677F-4633-BD2E-1BA6F29BD6BD} = {0AB3BF05-4346-4AA6-1389-037BE0695223}
		{BAE0DD46-05B4-1976-AA64-09500AD50BDA} = {EC447DCF-ABFA-6E24-52A5-D7FD48A5C558}
		{1BB90F0E-4A26-43FB-93EC-A22060C9EDF6} = {BAE0DD46-05B4-1976-AA64-09500AD50BDA}
		{4CE5EC92-FC22-4178-866D-95807EF8CFA3} = {BAE0DD46-05B4-1976-AA64-09500AD50BDA}
		{424106B5-45B3-4FE3-9831-C5B808C16076} = {BAE0DD46-05B4-1976-AA64-09500AD50BDA}
		{EDE99A70-5A10-4067-B6BA-365F6A583AA6} = {0AB3BF05-4346-4AA6-1389-037BE0695223}
	EndGlobalSection
EndGlobal
